// !$*UTF8*$!
{
	archiveVersion = 1;
	classes = {
	};
	objectVersion = 46;
	objects = {

/* Begin PBXBuildFile section */
		D4A4C2D621EAECD4008C23BF /* S2CellIdTests.swift in Sources */ = {isa = PBXBuildFile; fileRef = D4A4C2D521EAECD4008C23BF /* S2CellIdTests.swift */; };
		D4A4C2D721EAECD4008C23BF /* S2CellIdTests.swift in Sources */ = {isa = PBXBuildFile; fileRef = D4A4C2D521EAECD4008C23BF /* S2CellIdTests.swift */; };
		D4A4C2D821EAECD4008C23BF /* S2CellIdTests.swift in Sources */ = {isa = PBXBuildFile; fileRef = D4A4C2D521EAECD4008C23BF /* S2CellIdTests.swift */; };
		D4A4C2DA21EAECF1008C23BF /* GeometryTestCase.swift in Sources */ = {isa = PBXBuildFile; fileRef = D4A4C2D921EAECF1008C23BF /* GeometryTestCase.swift */; };
		D4A4C2DB21EAECF1008C23BF /* GeometryTestCase.swift in Sources */ = {isa = PBXBuildFile; fileRef = D4A4C2D921EAECF1008C23BF /* GeometryTestCase.swift */; };
		D4A4C2DC21EAECF1008C23BF /* GeometryTestCase.swift in Sources */ = {isa = PBXBuildFile; fileRef = D4A4C2D921EAECF1008C23BF /* GeometryTestCase.swift */; };
		D4D99F6C21E84107007033DC /* S2GeometrySwift.framework in Frameworks */ = {isa = PBXBuildFile; fileRef = D4D99F6321E84107007033DC /* S2GeometrySwift.framework */; };
		D4D99FA421E84CD3007033DC /* S2GeometrySwift.framework in Frameworks */ = {isa = PBXBuildFile; fileRef = D4D99F9B21E84CD3007033DC /* S2GeometrySwift.framework */; };
		D4D99FC021E84CF9007033DC /* S2GeometrySwift.framework in Frameworks */ = {isa = PBXBuildFile; fileRef = D4D99FB721E84CF9007033DC /* S2GeometrySwift.framework */; };
		D4D99FE821E8C262007033DC /* R1Interval.swift in Sources */ = {isa = PBXBuildFile; fileRef = OBJ_9 /* R1Interval.swift */; };
		D4D99FE921E8C262007033DC /* R2Vector.swift in Sources */ = {isa = PBXBuildFile; fileRef = OBJ_10 /* R2Vector.swift */; };
		D4D99FEA21E8C262007033DC /* S1Angle.swift in Sources */ = {isa = PBXBuildFile; fileRef = OBJ_11 /* S1Angle.swift */; };
		D4D99FEB21E8C262007033DC /* S1Interval.swift in Sources */ = {isa = PBXBuildFile; fileRef = OBJ_12 /* S1Interval.swift */; };
		D4D99FEC21E8C262007033DC /* S2.swift in Sources */ = {isa = PBXBuildFile; fileRef = OBJ_13 /* S2.swift */; };
		D4D99FED21E8C262007033DC /* S2AreaCentroid.swift in Sources */ = {isa = PBXBuildFile; fileRef = OBJ_14 /* S2AreaCentroid.swift */; };
		D4D99FEE21E8C262007033DC /* S2Cap.swift in Sources */ = {isa = PBXBuildFile; fileRef = OBJ_15 /* S2Cap.swift */; };
		D4D99FEF21E8C262007033DC /* S2Cell.swift in Sources */ = {isa = PBXBuildFile; fileRef = OBJ_16 /* S2Cell.swift */; };
		D4D99FF021E8C262007033DC /* S2CellId.swift in Sources */ = {isa = PBXBuildFile; fileRef = OBJ_17 /* S2CellId.swift */; };
		D4D99FF121E8C262007033DC /* S2CellUnion.swift in Sources */ = {isa = PBXBuildFile; fileRef = OBJ_18 /* S2CellUnion.swift */; };
		D4D99FF221E8C262007033DC /* S2Edge.swift in Sources */ = {isa = PBXBuildFile; fileRef = OBJ_19 /* S2Edge.swift */; };
		D4D99FF321E8C262007033DC /* S2EdgeIndex.swift in Sources */ = {isa = PBXBuildFile; fileRef = OBJ_20 /* S2EdgeIndex.swift */; };
		D4D99FF421E8C262007033DC /* S2EdgeUtil.swift in Sources */ = {isa = PBXBuildFile; fileRef = OBJ_21 /* S2EdgeUtil.swift */; };
		D4D99FF521E8C262007033DC /* S2LatLng.swift in Sources */ = {isa = PBXBuildFile; fileRef = OBJ_22 /* S2LatLng.swift */; };
		D4D99FF621E8C262007033DC /* S2LatLngRect.swift in Sources */ = {isa = PBXBuildFile; fileRef = OBJ_23 /* S2LatLngRect.swift */; };
		D4D99FF721E8C262007033DC /* S2Loop.swift in Sources */ = {isa = PBXBuildFile; fileRef = OBJ_24 /* S2Loop.swift */; };
		D4D99FF821E8C262007033DC /* S2Point.swift in Sources */ = {isa = PBXBuildFile; fileRef = OBJ_25 /* S2Point.swift */; };
		D4D99FF921E8C262007033DC /* S2Polygon.swift in Sources */ = {isa = PBXBuildFile; fileRef = OBJ_26 /* S2Polygon.swift */; };
		D4D99FFA21E8C262007033DC /* S2PolygonBuilder.swift in Sources */ = {isa = PBXBuildFile; fileRef = OBJ_27 /* S2PolygonBuilder.swift */; };
		D4D99FFB21E8C262007033DC /* S2Polyline.swift in Sources */ = {isa = PBXBuildFile; fileRef = OBJ_28 /* S2Polyline.swift */; };
		D4D99FFC21E8C262007033DC /* S2Projections.swift in Sources */ = {isa = PBXBuildFile; fileRef = OBJ_29 /* S2Projections.swift */; };
		D4D99FFD21E8C262007033DC /* S2Region.swift in Sources */ = {isa = PBXBuildFile; fileRef = OBJ_30 /* S2Region.swift */; };
		D4D99FFE21E8C262007033DC /* S2RegionCoverer.swift in Sources */ = {isa = PBXBuildFile; fileRef = OBJ_31 /* S2RegionCoverer.swift */; };
		D4D99FFF21E8D35D007033DC /* R1Interval.swift in Sources */ = {isa = PBXBuildFile; fileRef = OBJ_9 /* R1Interval.swift */; };
		D4D9A00021E8D35D007033DC /* R2Vector.swift in Sources */ = {isa = PBXBuildFile; fileRef = OBJ_10 /* R2Vector.swift */; };
		D4D9A00121E8D35D007033DC /* S1Angle.swift in Sources */ = {isa = PBXBuildFile; fileRef = OBJ_11 /* S1Angle.swift */; };
		D4D9A00221E8D35D007033DC /* S1Interval.swift in Sources */ = {isa = PBXBuildFile; fileRef = OBJ_12 /* S1Interval.swift */; };
		D4D9A00321E8D35D007033DC /* S2.swift in Sources */ = {isa = PBXBuildFile; fileRef = OBJ_13 /* S2.swift */; };
		D4D9A00421E8D35D007033DC /* S2AreaCentroid.swift in Sources */ = {isa = PBXBuildFile; fileRef = OBJ_14 /* S2AreaCentroid.swift */; };
		D4D9A00521E8D35D007033DC /* S2Cap.swift in Sources */ = {isa = PBXBuildFile; fileRef = OBJ_15 /* S2Cap.swift */; };
		D4D9A00621E8D35D007033DC /* S2Cell.swift in Sources */ = {isa = PBXBuildFile; fileRef = OBJ_16 /* S2Cell.swift */; };
		D4D9A00721E8D35D007033DC /* S2CellId.swift in Sources */ = {isa = PBXBuildFile; fileRef = OBJ_17 /* S2CellId.swift */; };
		D4D9A00821E8D35D007033DC /* S2CellUnion.swift in Sources */ = {isa = PBXBuildFile; fileRef = OBJ_18 /* S2CellUnion.swift */; };
		D4D9A00921E8D35D007033DC /* S2Edge.swift in Sources */ = {isa = PBXBuildFile; fileRef = OBJ_19 /* S2Edge.swift */; };
		D4D9A00A21E8D35D007033DC /* S2EdgeIndex.swift in Sources */ = {isa = PBXBuildFile; fileRef = OBJ_20 /* S2EdgeIndex.swift */; };
		D4D9A00B21E8D35D007033DC /* S2EdgeUtil.swift in Sources */ = {isa = PBXBuildFile; fileRef = OBJ_21 /* S2EdgeUtil.swift */; };
		D4D9A00C21E8D35D007033DC /* S2LatLng.swift in Sources */ = {isa = PBXBuildFile; fileRef = OBJ_22 /* S2LatLng.swift */; };
		D4D9A00D21E8D35D007033DC /* S2LatLngRect.swift in Sources */ = {isa = PBXBuildFile; fileRef = OBJ_23 /* S2LatLngRect.swift */; };
		D4D9A00E21E8D35D007033DC /* S2Loop.swift in Sources */ = {isa = PBXBuildFile; fileRef = OBJ_24 /* S2Loop.swift */; };
		D4D9A00F21E8D35D007033DC /* S2Point.swift in Sources */ = {isa = PBXBuildFile; fileRef = OBJ_25 /* S2Point.swift */; };
		D4D9A01021E8D35D007033DC /* S2Polygon.swift in Sources */ = {isa = PBXBuildFile; fileRef = OBJ_26 /* S2Polygon.swift */; };
		D4D9A01121E8D35D007033DC /* S2PolygonBuilder.swift in Sources */ = {isa = PBXBuildFile; fileRef = OBJ_27 /* S2PolygonBuilder.swift */; };
		D4D9A01221E8D35D007033DC /* S2Polyline.swift in Sources */ = {isa = PBXBuildFile; fileRef = OBJ_28 /* S2Polyline.swift */; };
		D4D9A01321E8D35D007033DC /* S2Projections.swift in Sources */ = {isa = PBXBuildFile; fileRef = OBJ_29 /* S2Projections.swift */; };
		D4D9A01421E8D35D007033DC /* S2Region.swift in Sources */ = {isa = PBXBuildFile; fileRef = OBJ_30 /* S2Region.swift */; };
		D4D9A01521E8D35D007033DC /* S2RegionCoverer.swift in Sources */ = {isa = PBXBuildFile; fileRef = OBJ_31 /* S2RegionCoverer.swift */; };
		D4D9A01621E8E066007033DC /* R1Interval.swift in Sources */ = {isa = PBXBuildFile; fileRef = OBJ_9 /* R1Interval.swift */; };
		D4D9A01721E8E066007033DC /* R2Vector.swift in Sources */ = {isa = PBXBuildFile; fileRef = OBJ_10 /* R2Vector.swift */; };
		D4D9A01821E8E066007033DC /* S1Angle.swift in Sources */ = {isa = PBXBuildFile; fileRef = OBJ_11 /* S1Angle.swift */; };
		D4D9A01921E8E066007033DC /* S1Interval.swift in Sources */ = {isa = PBXBuildFile; fileRef = OBJ_12 /* S1Interval.swift */; };
		D4D9A01A21E8E066007033DC /* S2.swift in Sources */ = {isa = PBXBuildFile; fileRef = OBJ_13 /* S2.swift */; };
		D4D9A01B21E8E066007033DC /* S2AreaCentroid.swift in Sources */ = {isa = PBXBuildFile; fileRef = OBJ_14 /* S2AreaCentroid.swift */; };
		D4D9A01C21E8E066007033DC /* S2Cap.swift in Sources */ = {isa = PBXBuildFile; fileRef = OBJ_15 /* S2Cap.swift */; };
		D4D9A01D21E8E066007033DC /* S2Cell.swift in Sources */ = {isa = PBXBuildFile; fileRef = OBJ_16 /* S2Cell.swift */; };
		D4D9A01E21E8E066007033DC /* S2CellId.swift in Sources */ = {isa = PBXBuildFile; fileRef = OBJ_17 /* S2CellId.swift */; };
		D4D9A01F21E8E066007033DC /* S2CellUnion.swift in Sources */ = {isa = PBXBuildFile; fileRef = OBJ_18 /* S2CellUnion.swift */; };
		D4D9A02021E8E066007033DC /* S2Edge.swift in Sources */ = {isa = PBXBuildFile; fileRef = OBJ_19 /* S2Edge.swift */; };
		D4D9A02121E8E066007033DC /* S2EdgeIndex.swift in Sources */ = {isa = PBXBuildFile; fileRef = OBJ_20 /* S2EdgeIndex.swift */; };
		D4D9A02221E8E066007033DC /* S2EdgeUtil.swift in Sources */ = {isa = PBXBuildFile; fileRef = OBJ_21 /* S2EdgeUtil.swift */; };
		D4D9A02321E8E066007033DC /* S2LatLng.swift in Sources */ = {isa = PBXBuildFile; fileRef = OBJ_22 /* S2LatLng.swift */; };
		D4D9A02421E8E066007033DC /* S2LatLngRect.swift in Sources */ = {isa = PBXBuildFile; fileRef = OBJ_23 /* S2LatLngRect.swift */; };
		D4D9A02521E8E066007033DC /* S2Loop.swift in Sources */ = {isa = PBXBuildFile; fileRef = OBJ_24 /* S2Loop.swift */; };
		D4D9A02621E8E066007033DC /* S2Point.swift in Sources */ = {isa = PBXBuildFile; fileRef = OBJ_25 /* S2Point.swift */; };
		D4D9A02721E8E066007033DC /* S2Polygon.swift in Sources */ = {isa = PBXBuildFile; fileRef = OBJ_26 /* S2Polygon.swift */; };
		D4D9A02821E8E066007033DC /* S2PolygonBuilder.swift in Sources */ = {isa = PBXBuildFile; fileRef = OBJ_27 /* S2PolygonBuilder.swift */; };
		D4D9A02921E8E066007033DC /* S2Polyline.swift in Sources */ = {isa = PBXBuildFile; fileRef = OBJ_28 /* S2Polyline.swift */; };
		D4D9A02A21E8E066007033DC /* S2Projections.swift in Sources */ = {isa = PBXBuildFile; fileRef = OBJ_29 /* S2Projections.swift */; };
		D4D9A02B21E8E066007033DC /* S2Region.swift in Sources */ = {isa = PBXBuildFile; fileRef = OBJ_30 /* S2Region.swift */; };
		D4D9A02C21E8E066007033DC /* S2RegionCoverer.swift in Sources */ = {isa = PBXBuildFile; fileRef = OBJ_31 /* S2RegionCoverer.swift */; };
		D4D9A02D21E8E071007033DC /* R1Interval.swift in Sources */ = {isa = PBXBuildFile; fileRef = OBJ_9 /* R1Interval.swift */; };
		D4D9A02E21E8E071007033DC /* R2Vector.swift in Sources */ = {isa = PBXBuildFile; fileRef = OBJ_10 /* R2Vector.swift */; };
		D4D9A02F21E8E071007033DC /* S1Angle.swift in Sources */ = {isa = PBXBuildFile; fileRef = OBJ_11 /* S1Angle.swift */; };
		D4D9A03021E8E071007033DC /* S1Interval.swift in Sources */ = {isa = PBXBuildFile; fileRef = OBJ_12 /* S1Interval.swift */; };
		D4D9A03121E8E071007033DC /* S2.swift in Sources */ = {isa = PBXBuildFile; fileRef = OBJ_13 /* S2.swift */; };
		D4D9A03221E8E071007033DC /* S2AreaCentroid.swift in Sources */ = {isa = PBXBuildFile; fileRef = OBJ_14 /* S2AreaCentroid.swift */; };
		D4D9A03321E8E071007033DC /* S2Cap.swift in Sources */ = {isa = PBXBuildFile; fileRef = OBJ_15 /* S2Cap.swift */; };
		D4D9A03421E8E071007033DC /* S2Cell.swift in Sources */ = {isa = PBXBuildFile; fileRef = OBJ_16 /* S2Cell.swift */; };
		D4D9A03521E8E071007033DC /* S2CellId.swift in Sources */ = {isa = PBXBuildFile; fileRef = OBJ_17 /* S2CellId.swift */; };
		D4D9A03621E8E071007033DC /* S2CellUnion.swift in Sources */ = {isa = PBXBuildFile; fileRef = OBJ_18 /* S2CellUnion.swift */; };
		D4D9A03721E8E071007033DC /* S2Edge.swift in Sources */ = {isa = PBXBuildFile; fileRef = OBJ_19 /* S2Edge.swift */; };
		D4D9A03821E8E071007033DC /* S2EdgeIndex.swift in Sources */ = {isa = PBXBuildFile; fileRef = OBJ_20 /* S2EdgeIndex.swift */; };
		D4D9A03921E8E071007033DC /* S2EdgeUtil.swift in Sources */ = {isa = PBXBuildFile; fileRef = OBJ_21 /* S2EdgeUtil.swift */; };
		D4D9A03A21E8E071007033DC /* S2LatLng.swift in Sources */ = {isa = PBXBuildFile; fileRef = OBJ_22 /* S2LatLng.swift */; };
		D4D9A03B21E8E071007033DC /* S2LatLngRect.swift in Sources */ = {isa = PBXBuildFile; fileRef = OBJ_23 /* S2LatLngRect.swift */; };
		D4D9A03C21E8E071007033DC /* S2Loop.swift in Sources */ = {isa = PBXBuildFile; fileRef = OBJ_24 /* S2Loop.swift */; };
		D4D9A03D21E8E071007033DC /* S2Point.swift in Sources */ = {isa = PBXBuildFile; fileRef = OBJ_25 /* S2Point.swift */; };
		D4D9A03E21E8E071007033DC /* S2Polygon.swift in Sources */ = {isa = PBXBuildFile; fileRef = OBJ_26 /* S2Polygon.swift */; };
		D4D9A03F21E8E071007033DC /* S2PolygonBuilder.swift in Sources */ = {isa = PBXBuildFile; fileRef = OBJ_27 /* S2PolygonBuilder.swift */; };
		D4D9A04021E8E071007033DC /* S2Polyline.swift in Sources */ = {isa = PBXBuildFile; fileRef = OBJ_28 /* S2Polyline.swift */; };
		D4D9A04121E8E071007033DC /* S2Projections.swift in Sources */ = {isa = PBXBuildFile; fileRef = OBJ_29 /* S2Projections.swift */; };
		D4D9A04221E8E071007033DC /* S2Region.swift in Sources */ = {isa = PBXBuildFile; fileRef = OBJ_30 /* S2Region.swift */; };
		D4D9A04321E8E071007033DC /* S2RegionCoverer.swift in Sources */ = {isa = PBXBuildFile; fileRef = OBJ_31 /* S2RegionCoverer.swift */; };
/* End PBXBuildFile section */

/* Begin PBXContainerItemProxy section */
		D4D99F6D21E84107007033DC /* PBXContainerItemProxy */ = {
			isa = PBXContainerItemProxy;
			containerPortal = OBJ_1 /* Project object */;
			proxyType = 1;
			remoteGlobalIDString = D4D99F6221E84107007033DC;
			remoteInfo = S2GeometrySwift;
		};
		D4D99FA521E84CD3007033DC /* PBXContainerItemProxy */ = {
			isa = PBXContainerItemProxy;
			containerPortal = OBJ_1 /* Project object */;
			proxyType = 1;
			remoteGlobalIDString = D4D99F9A21E84CD3007033DC;
			remoteInfo = S2GeometrySwift;
		};
		D4D99FC121E84CF9007033DC /* PBXContainerItemProxy */ = {
			isa = PBXContainerItemProxy;
			containerPortal = OBJ_1 /* Project object */;
			proxyType = 1;
			remoteGlobalIDString = D4D99FB621E84CF9007033DC;
			remoteInfo = S2GeometrySwift;
		};
/* End PBXContainerItemProxy section */

/* Begin PBXFileReference section */
		D4A4C2D521EAECD4008C23BF /* S2CellIdTests.swift */ = {isa = PBXFileReference; lastKnownFileType = sourcecode.swift; name = S2CellIdTests.swift; path = Tests/S2CellIdTests.swift; sourceTree = "<group>"; };
		D4A4C2D921EAECF1008C23BF /* GeometryTestCase.swift */ = {isa = PBXFileReference; fileEncoding = 4; lastKnownFileType = sourcecode.swift; name = GeometryTestCase.swift; path = Tests/GeometryTestCase.swift; sourceTree = "<group>"; };
		D4D99F6321E84107007033DC /* S2GeometrySwift.framework */ = {isa = PBXFileReference; explicitFileType = wrapper.framework; includeInIndex = 0; path = S2GeometrySwift.framework; sourceTree = BUILT_PRODUCTS_DIR; };
		D4D99F6621E84107007033DC /* Info.plist */ = {isa = PBXFileReference; lastKnownFileType = text.plist.xml; path = Info.plist; sourceTree = "<group>"; };
		D4D99F6B21E84107007033DC /* S2GeometrySwift iOS Tests.xctest */ = {isa = PBXFileReference; explicitFileType = wrapper.cfbundle; includeInIndex = 0; path = "S2GeometrySwift iOS Tests.xctest"; sourceTree = BUILT_PRODUCTS_DIR; };
		D4D99F9B21E84CD3007033DC /* S2GeometrySwift.framework */ = {isa = PBXFileReference; explicitFileType = wrapper.framework; includeInIndex = 0; path = S2GeometrySwift.framework; sourceTree = BUILT_PRODUCTS_DIR; };
		D4D99FA321E84CD3007033DC /* S2GeometrySwift macOS Tests.xctest */ = {isa = PBXFileReference; explicitFileType = wrapper.cfbundle; includeInIndex = 0; path = "S2GeometrySwift macOS Tests.xctest"; sourceTree = BUILT_PRODUCTS_DIR; };
		D4D99FB721E84CF9007033DC /* S2GeometrySwift.framework */ = {isa = PBXFileReference; explicitFileType = wrapper.framework; includeInIndex = 0; path = S2GeometrySwift.framework; sourceTree = BUILT_PRODUCTS_DIR; };
		D4D99FBF21E84CF9007033DC /* S2GeometrySwift tvOS Tests.xctest */ = {isa = PBXFileReference; explicitFileType = wrapper.cfbundle; includeInIndex = 0; path = "S2GeometrySwift tvOS Tests.xctest"; sourceTree = BUILT_PRODUCTS_DIR; };
		D4D99FD321E84D8D007033DC /* S2GeometrySwift.framework */ = {isa = PBXFileReference; explicitFileType = wrapper.framework; includeInIndex = 0; path = S2GeometrySwift.framework; sourceTree = BUILT_PRODUCTS_DIR; };
		D4D99FDB21E84DFF007033DC /* README.md */ = {isa = PBXFileReference; lastKnownFileType = net.daringfireball.markdown; path = README.md; sourceTree = "<group>"; };
		D4D99FDC21E84E0C007033DC /* LICENSE */ = {isa = PBXFileReference; lastKnownFileType = text; path = LICENSE; sourceTree = "<group>"; };
		D4D99FDD21E84E1C007033DC /* CODE_OF_CONDUCT.md */ = {isa = PBXFileReference; fileEncoding = 4; lastKnownFileType = net.daringfireball.markdown; path = CODE_OF_CONDUCT.md; sourceTree = "<group>"; };
		D4D99FDF21E84EFD007033DC /* .travis.yml */ = {isa = PBXFileReference; lastKnownFileType = text; path = .travis.yml; sourceTree = "<group>"; };
		D4D99FE021E84F05007033DC /* .swift-version */ = {isa = PBXFileReference; lastKnownFileType = text; path = ".swift-version"; sourceTree = "<group>"; };
		D4D99FE121E84F11007033DC /* S2GeometrySwift.podspec */ = {isa = PBXFileReference; lastKnownFileType = text; path = S2GeometrySwift.podspec; sourceTree = "<group>"; };
		D4D99FE221E84F19007033DC /* Package.swift */ = {isa = PBXFileReference; lastKnownFileType = sourcecode.swift; path = Package.swift; sourceTree = "<group>"; };
		OBJ_10 /* R2Vector.swift */ = {isa = PBXFileReference; lastKnownFileType = sourcecode.swift; path = R2Vector.swift; sourceTree = "<group>"; };
		OBJ_11 /* S1Angle.swift */ = {isa = PBXFileReference; lastKnownFileType = sourcecode.swift; path = S1Angle.swift; sourceTree = "<group>"; };
		OBJ_12 /* S1Interval.swift */ = {isa = PBXFileReference; lastKnownFileType = sourcecode.swift; path = S1Interval.swift; sourceTree = "<group>"; };
		OBJ_13 /* S2.swift */ = {isa = PBXFileReference; lastKnownFileType = sourcecode.swift; path = S2.swift; sourceTree = "<group>"; };
		OBJ_14 /* S2AreaCentroid.swift */ = {isa = PBXFileReference; lastKnownFileType = sourcecode.swift; path = S2AreaCentroid.swift; sourceTree = "<group>"; };
		OBJ_15 /* S2Cap.swift */ = {isa = PBXFileReference; lastKnownFileType = sourcecode.swift; path = S2Cap.swift; sourceTree = "<group>"; };
		OBJ_16 /* S2Cell.swift */ = {isa = PBXFileReference; lastKnownFileType = sourcecode.swift; path = S2Cell.swift; sourceTree = "<group>"; };
		OBJ_17 /* S2CellId.swift */ = {isa = PBXFileReference; lastKnownFileType = sourcecode.swift; path = S2CellId.swift; sourceTree = "<group>"; };
		OBJ_18 /* S2CellUnion.swift */ = {isa = PBXFileReference; lastKnownFileType = sourcecode.swift; path = S2CellUnion.swift; sourceTree = "<group>"; };
		OBJ_19 /* S2Edge.swift */ = {isa = PBXFileReference; lastKnownFileType = sourcecode.swift; path = S2Edge.swift; sourceTree = "<group>"; };
		OBJ_20 /* S2EdgeIndex.swift */ = {isa = PBXFileReference; lastKnownFileType = sourcecode.swift; path = S2EdgeIndex.swift; sourceTree = "<group>"; };
		OBJ_21 /* S2EdgeUtil.swift */ = {isa = PBXFileReference; lastKnownFileType = sourcecode.swift; path = S2EdgeUtil.swift; sourceTree = "<group>"; };
		OBJ_22 /* S2LatLng.swift */ = {isa = PBXFileReference; lastKnownFileType = sourcecode.swift; path = S2LatLng.swift; sourceTree = "<group>"; };
		OBJ_23 /* S2LatLngRect.swift */ = {isa = PBXFileReference; lastKnownFileType = sourcecode.swift; path = S2LatLngRect.swift; sourceTree = "<group>"; };
		OBJ_24 /* S2Loop.swift */ = {isa = PBXFileReference; lastKnownFileType = sourcecode.swift; path = S2Loop.swift; sourceTree = "<group>"; };
		OBJ_25 /* S2Point.swift */ = {isa = PBXFileReference; lastKnownFileType = sourcecode.swift; path = S2Point.swift; sourceTree = "<group>"; };
		OBJ_26 /* S2Polygon.swift */ = {isa = PBXFileReference; lastKnownFileType = sourcecode.swift; path = S2Polygon.swift; sourceTree = "<group>"; };
		OBJ_27 /* S2PolygonBuilder.swift */ = {isa = PBXFileReference; lastKnownFileType = sourcecode.swift; path = S2PolygonBuilder.swift; sourceTree = "<group>"; };
		OBJ_28 /* S2Polyline.swift */ = {isa = PBXFileReference; lastKnownFileType = sourcecode.swift; path = S2Polyline.swift; sourceTree = "<group>"; };
		OBJ_29 /* S2Projections.swift */ = {isa = PBXFileReference; lastKnownFileType = sourcecode.swift; path = S2Projections.swift; sourceTree = "<group>"; };
		OBJ_30 /* S2Region.swift */ = {isa = PBXFileReference; lastKnownFileType = sourcecode.swift; path = S2Region.swift; sourceTree = "<group>"; };
		OBJ_31 /* S2RegionCoverer.swift */ = {isa = PBXFileReference; lastKnownFileType = sourcecode.swift; path = S2RegionCoverer.swift; sourceTree = "<group>"; };
		OBJ_33 /* tools */ = {isa = PBXFileReference; lastKnownFileType = folder; path = tools; sourceTree = SOURCE_ROOT; };
		OBJ_9 /* R1Interval.swift */ = {isa = PBXFileReference; lastKnownFileType = sourcecode.swift; path = R1Interval.swift; sourceTree = "<group>"; };
/* End PBXFileReference section */

/* Begin PBXFrameworksBuildPhase section */
		D4D99F6021E84107007033DC /* Frameworks */ = {
			isa = PBXFrameworksBuildPhase;
			buildActionMask = 2147483647;
			files = (
			);
			runOnlyForDeploymentPostprocessing = 0;
		};
		D4D99F6821E84107007033DC /* Frameworks */ = {
			isa = PBXFrameworksBuildPhase;
			buildActionMask = 2147483647;
			files = (
				D4D99F6C21E84107007033DC /* S2GeometrySwift.framework in Frameworks */,
			);
			runOnlyForDeploymentPostprocessing = 0;
		};
		D4D99F9821E84CD3007033DC /* Frameworks */ = {
			isa = PBXFrameworksBuildPhase;
			buildActionMask = 2147483647;
			files = (
			);
			runOnlyForDeploymentPostprocessing = 0;
		};
		D4D99FA021E84CD3007033DC /* Frameworks */ = {
			isa = PBXFrameworksBuildPhase;
			buildActionMask = 2147483647;
			files = (
				D4D99FA421E84CD3007033DC /* S2GeometrySwift.framework in Frameworks */,
			);
			runOnlyForDeploymentPostprocessing = 0;
		};
		D4D99FB421E84CF9007033DC /* Frameworks */ = {
			isa = PBXFrameworksBuildPhase;
			buildActionMask = 2147483647;
			files = (
			);
			runOnlyForDeploymentPostprocessing = 0;
		};
		D4D99FBC21E84CF9007033DC /* Frameworks */ = {
			isa = PBXFrameworksBuildPhase;
			buildActionMask = 2147483647;
			files = (
				D4D99FC021E84CF9007033DC /* S2GeometrySwift.framework in Frameworks */,
			);
			runOnlyForDeploymentPostprocessing = 0;
		};
		D4D99FD021E84D8D007033DC /* Frameworks */ = {
			isa = PBXFrameworksBuildPhase;
			buildActionMask = 2147483647;
			files = (
			);
			runOnlyForDeploymentPostprocessing = 0;
		};
/* End PBXFrameworksBuildPhase section */

/* Begin PBXGroup section */
		D4D99F5C21E83FF4007033DC /* Deployment */ = {
			isa = PBXGroup;
			children = (
				D4D99FE221E84F19007033DC /* Package.swift */,
				D4D99FE121E84F11007033DC /* S2GeometrySwift.podspec */,
				D4D99FE021E84F05007033DC /* .swift-version */,
				D4D99FDF21E84EFD007033DC /* .travis.yml */,
				OBJ_33 /* tools */,
			);
			name = Deployment;
			sourceTree = "<group>";
		};
		D4D99F5D21E83FF9007033DC /* Documentation */ = {
			isa = PBXGroup;
			children = (
				D4D99FDC21E84E0C007033DC /* LICENSE */,
				D4D99FDB21E84DFF007033DC /* README.md */,
				D4D99FDD21E84E1C007033DC /* CODE_OF_CONDUCT.md */,
			);
			name = Documentation;
			sourceTree = "<group>";
		};
		OBJ_32 /* Tests */ = {
			isa = PBXGroup;
			children = (
				D4A4C2D921EAECF1008C23BF /* GeometryTestCase.swift */,
				D4A4C2D521EAECD4008C23BF /* S2CellIdTests.swift */,
			);
			name = Tests;
			sourceTree = SOURCE_ROOT;
		};
		OBJ_35 /* Products */ = {
			isa = PBXGroup;
			children = (
				D4D99F6321E84107007033DC /* S2GeometrySwift.framework */,
				D4D99F6B21E84107007033DC /* S2GeometrySwift iOS Tests.xctest */,
				D4D99F9B21E84CD3007033DC /* S2GeometrySwift.framework */,
				D4D99FA321E84CD3007033DC /* S2GeometrySwift macOS Tests.xctest */,
				D4D99FB721E84CF9007033DC /* S2GeometrySwift.framework */,
				D4D99FBF21E84CF9007033DC /* S2GeometrySwift tvOS Tests.xctest */,
				D4D99FD321E84D8D007033DC /* S2GeometrySwift.framework */,
			);
			name = Products;
			sourceTree = BUILT_PRODUCTS_DIR;
		};
		OBJ_5 = {
			isa = PBXGroup;
			children = (
				D4D99F5D21E83FF9007033DC /* Documentation */,
				D4D99F5C21E83FF4007033DC /* Deployment */,
				OBJ_7 /* Sources */,
				OBJ_32 /* Tests */,
				OBJ_35 /* Products */,
			);
			sourceTree = "<group>";
		};
		OBJ_7 /* Sources */ = {
			isa = PBXGroup;
			children = (
				D4D99F6621E84107007033DC /* Info.plist */,
				OBJ_8 /* Classes */,
			);
			path = Sources;
			sourceTree = SOURCE_ROOT;
		};
		OBJ_8 /* Classes */ = {
			isa = PBXGroup;
			children = (
				OBJ_9 /* R1Interval.swift */,
				OBJ_10 /* R2Vector.swift */,
				OBJ_11 /* S1Angle.swift */,
				OBJ_12 /* S1Interval.swift */,
				OBJ_13 /* S2.swift */,
				OBJ_14 /* S2AreaCentroid.swift */,
				OBJ_15 /* S2Cap.swift */,
				OBJ_16 /* S2Cell.swift */,
				OBJ_17 /* S2CellId.swift */,
				OBJ_18 /* S2CellUnion.swift */,
				OBJ_19 /* S2Edge.swift */,
				OBJ_20 /* S2EdgeIndex.swift */,
				OBJ_21 /* S2EdgeUtil.swift */,
				OBJ_22 /* S2LatLng.swift */,
				OBJ_23 /* S2LatLngRect.swift */,
				OBJ_24 /* S2Loop.swift */,
				OBJ_25 /* S2Point.swift */,
				OBJ_26 /* S2Polygon.swift */,
				OBJ_27 /* S2PolygonBuilder.swift */,
				OBJ_28 /* S2Polyline.swift */,
				OBJ_29 /* S2Projections.swift */,
				OBJ_30 /* S2Region.swift */,
				OBJ_31 /* S2RegionCoverer.swift */,
			);
			path = Classes;
			sourceTree = "<group>";
		};
/* End PBXGroup section */

/* Begin PBXHeadersBuildPhase section */
		D4D99F5E21E84107007033DC /* Headers */ = {
			isa = PBXHeadersBuildPhase;
			buildActionMask = 2147483647;
			files = (
			);
			runOnlyForDeploymentPostprocessing = 0;
		};
		D4D99F9621E84CD3007033DC /* Headers */ = {
			isa = PBXHeadersBuildPhase;
			buildActionMask = 2147483647;
			files = (
			);
			runOnlyForDeploymentPostprocessing = 0;
		};
		D4D99FB221E84CF9007033DC /* Headers */ = {
			isa = PBXHeadersBuildPhase;
			buildActionMask = 2147483647;
			files = (
			);
			runOnlyForDeploymentPostprocessing = 0;
		};
		D4D99FCE21E84D8D007033DC /* Headers */ = {
			isa = PBXHeadersBuildPhase;
			buildActionMask = 2147483647;
			files = (
			);
			runOnlyForDeploymentPostprocessing = 0;
		};
/* End PBXHeadersBuildPhase section */

/* Begin PBXNativeTarget section */
		D4D99F6221E84107007033DC /* S2GeometrySwift iOS */ = {
			isa = PBXNativeTarget;
			buildConfigurationList = D4D99F7421E84107007033DC /* Build configuration list for PBXNativeTarget "S2GeometrySwift iOS" */;
			buildPhases = (
				D4D99F5E21E84107007033DC /* Headers */,
				D4D99F5F21E84107007033DC /* Sources */,
				D4D99F6021E84107007033DC /* Frameworks */,
				D4D99F6121E84107007033DC /* Resources */,
			);
			buildRules = (
			);
			dependencies = (
			);
			name = "S2GeometrySwift iOS";
			productName = S2GeometrySwift;
			productReference = D4D99F6321E84107007033DC /* S2GeometrySwift.framework */;
			productType = "com.apple.product-type.framework";
		};
		D4D99F6A21E84107007033DC /* S2GeometrySwift iOS Tests */ = {
			isa = PBXNativeTarget;
			buildConfigurationList = D4D99F7721E84107007033DC /* Build configuration list for PBXNativeTarget "S2GeometrySwift iOS Tests" */;
			buildPhases = (
				D4D99F6721E84107007033DC /* Sources */,
				D4D99F6821E84107007033DC /* Frameworks */,
				D4D99F6921E84107007033DC /* Resources */,
			);
			buildRules = (
			);
			dependencies = (
				D4D99F6E21E84107007033DC /* PBXTargetDependency */,
			);
			name = "S2GeometrySwift iOS Tests";
			productName = S2GeometrySwiftTests;
			productReference = D4D99F6B21E84107007033DC /* S2GeometrySwift iOS Tests.xctest */;
			productType = "com.apple.product-type.bundle.unit-test";
		};
		D4D99F9A21E84CD3007033DC /* S2GeometrySwift macOS */ = {
			isa = PBXNativeTarget;
			buildConfigurationList = D4D99FAC21E84CD3007033DC /* Build configuration list for PBXNativeTarget "S2GeometrySwift macOS" */;
			buildPhases = (
				D4D99F9621E84CD3007033DC /* Headers */,
				D4D99F9721E84CD3007033DC /* Sources */,
				D4D99F9821E84CD3007033DC /* Frameworks */,
				D4D99F9921E84CD3007033DC /* Resources */,
			);
			buildRules = (
			);
			dependencies = (
			);
			name = "S2GeometrySwift macOS";
			productName = S2GeometrySwift;
			productReference = D4D99F9B21E84CD3007033DC /* S2GeometrySwift.framework */;
			productType = "com.apple.product-type.framework";
		};
		D4D99FA221E84CD3007033DC /* S2GeometrySwift macOS Tests */ = {
			isa = PBXNativeTarget;
			buildConfigurationList = D4D99FAF21E84CD3007033DC /* Build configuration list for PBXNativeTarget "S2GeometrySwift macOS Tests" */;
			buildPhases = (
				D4D99F9F21E84CD3007033DC /* Sources */,
				D4D99FA021E84CD3007033DC /* Frameworks */,
				D4D99FA121E84CD3007033DC /* Resources */,
			);
			buildRules = (
			);
			dependencies = (
				D4D99FA621E84CD3007033DC /* PBXTargetDependency */,
			);
			name = "S2GeometrySwift macOS Tests";
			productName = S2GeometrySwiftTests;
			productReference = D4D99FA321E84CD3007033DC /* S2GeometrySwift macOS Tests.xctest */;
			productType = "com.apple.product-type.bundle.unit-test";
		};
		D4D99FB621E84CF9007033DC /* S2GeometrySwift tvOS */ = {
			isa = PBXNativeTarget;
			buildConfigurationList = D4D99FC821E84CF9007033DC /* Build configuration list for PBXNativeTarget "S2GeometrySwift tvOS" */;
			buildPhases = (
				D4D99FB221E84CF9007033DC /* Headers */,
				D4D99FB321E84CF9007033DC /* Sources */,
				D4D99FB421E84CF9007033DC /* Frameworks */,
				D4D99FB521E84CF9007033DC /* Resources */,
			);
			buildRules = (
			);
			dependencies = (
			);
			name = "S2GeometrySwift tvOS";
			productName = S2GeometrySwift;
			productReference = D4D99FB721E84CF9007033DC /* S2GeometrySwift.framework */;
			productType = "com.apple.product-type.framework";
		};
		D4D99FBE21E84CF9007033DC /* S2GeometrySwift tvOS Tests */ = {
			isa = PBXNativeTarget;
			buildConfigurationList = D4D99FCB21E84CF9007033DC /* Build configuration list for PBXNativeTarget "S2GeometrySwift tvOS Tests" */;
			buildPhases = (
				D4D99FBB21E84CF9007033DC /* Sources */,
				D4D99FBC21E84CF9007033DC /* Frameworks */,
				D4D99FBD21E84CF9007033DC /* Resources */,
			);
			buildRules = (
			);
			dependencies = (
				D4D99FC221E84CF9007033DC /* PBXTargetDependency */,
			);
			name = "S2GeometrySwift tvOS Tests";
			productName = S2GeometrySwiftTests;
			productReference = D4D99FBF21E84CF9007033DC /* S2GeometrySwift tvOS Tests.xctest */;
			productType = "com.apple.product-type.bundle.unit-test";
		};
		D4D99FD221E84D8D007033DC /* S2GeometrySwift watchOS */ = {
			isa = PBXNativeTarget;
			buildConfigurationList = D4D99FD821E84D8D007033DC /* Build configuration list for PBXNativeTarget "S2GeometrySwift watchOS" */;
			buildPhases = (
				D4D99FCE21E84D8D007033DC /* Headers */,
				D4D99FCF21E84D8D007033DC /* Sources */,
				D4D99FD021E84D8D007033DC /* Frameworks */,
				D4D99FD121E84D8D007033DC /* Resources */,
			);
			buildRules = (
			);
			dependencies = (
			);
			name = "S2GeometrySwift watchOS";
			productName = S2GeometrySwift;
			productReference = D4D99FD321E84D8D007033DC /* S2GeometrySwift.framework */;
			productType = "com.apple.product-type.framework";
		};
/* End PBXNativeTarget section */

/* Begin PBXProject section */
		OBJ_1 /* Project object */ = {
			isa = PBXProject;
			attributes = {
				LastSwiftUpdateCheck = 1010;
				LastUpgradeCheck = 9999;
				TargetAttributes = {
					D4D99F6221E84107007033DC = {
						CreatedOnToolsVersion = 10.1;
						ProvisioningStyle = Automatic;
					};
					D4D99F6A21E84107007033DC = {
						CreatedOnToolsVersion = 10.1;
						LastSwiftMigration = 1010;
						ProvisioningStyle = Manual;
					};
					D4D99F9A21E84CD3007033DC = {
						CreatedOnToolsVersion = 10.1;
						ProvisioningStyle = Automatic;
					};
					D4D99FA221E84CD3007033DC = {
						CreatedOnToolsVersion = 10.1;
						ProvisioningStyle = Automatic;
					};
					D4D99FB621E84CF9007033DC = {
						CreatedOnToolsVersion = 10.1;
						ProvisioningStyle = Automatic;
					};
					D4D99FBE21E84CF9007033DC = {
						CreatedOnToolsVersion = 10.1;
						ProvisioningStyle = Automatic;
					};
					D4D99FD221E84D8D007033DC = {
						CreatedOnToolsVersion = 10.1;
						ProvisioningStyle = Automatic;
					};
				};
			};
			buildConfigurationList = OBJ_2 /* Build configuration list for PBXProject "S2GeometrySwift" */;
			compatibilityVersion = "Xcode 3.2";
			developmentRegion = English;
			hasScannedForEncodings = 0;
			knownRegions = (
				en,
			);
			mainGroup = OBJ_5;
			productRefGroup = OBJ_35 /* Products */;
			projectDirPath = "";
			projectRoot = "";
			targets = (
				D4D99F6221E84107007033DC /* S2GeometrySwift iOS */,
				D4D99F6A21E84107007033DC /* S2GeometrySwift iOS Tests */,
				D4D99F9A21E84CD3007033DC /* S2GeometrySwift macOS */,
				D4D99FA221E84CD3007033DC /* S2GeometrySwift macOS Tests */,
				D4D99FB621E84CF9007033DC /* S2GeometrySwift tvOS */,
				D4D99FBE21E84CF9007033DC /* S2GeometrySwift tvOS Tests */,
				D4D99FD221E84D8D007033DC /* S2GeometrySwift watchOS */,
			);
		};
/* End PBXProject section */

/* Begin PBXResourcesBuildPhase section */
		D4D99F6121E84107007033DC /* Resources */ = {
			isa = PBXResourcesBuildPhase;
			buildActionMask = 2147483647;
			files = (
			);
			runOnlyForDeploymentPostprocessing = 0;
		};
		D4D99F6921E84107007033DC /* Resources */ = {
			isa = PBXResourcesBuildPhase;
			buildActionMask = 2147483647;
			files = (
			);
			runOnlyForDeploymentPostprocessing = 0;
		};
		D4D99F9921E84CD3007033DC /* Resources */ = {
			isa = PBXResourcesBuildPhase;
			buildActionMask = 2147483647;
			files = (
			);
			runOnlyForDeploymentPostprocessing = 0;
		};
		D4D99FA121E84CD3007033DC /* Resources */ = {
			isa = PBXResourcesBuildPhase;
			buildActionMask = 2147483647;
			files = (
			);
			runOnlyForDeploymentPostprocessing = 0;
		};
		D4D99FB521E84CF9007033DC /* Resources */ = {
			isa = PBXResourcesBuildPhase;
			buildActionMask = 2147483647;
			files = (
			);
			runOnlyForDeploymentPostprocessing = 0;
		};
		D4D99FBD21E84CF9007033DC /* Resources */ = {
			isa = PBXResourcesBuildPhase;
			buildActionMask = 2147483647;
			files = (
			);
			runOnlyForDeploymentPostprocessing = 0;
		};
		D4D99FD121E84D8D007033DC /* Resources */ = {
			isa = PBXResourcesBuildPhase;
			buildActionMask = 2147483647;
			files = (
			);
			runOnlyForDeploymentPostprocessing = 0;
		};
/* End PBXResourcesBuildPhase section */

/* Begin PBXSourcesBuildPhase section */
		D4D99F5F21E84107007033DC /* Sources */ = {
			isa = PBXSourcesBuildPhase;
			buildActionMask = 2147483647;
			files = (
				D4D99FE821E8C262007033DC /* R1Interval.swift in Sources */,
				D4D99FE921E8C262007033DC /* R2Vector.swift in Sources */,
				D4D99FEA21E8C262007033DC /* S1Angle.swift in Sources */,
				D4D99FEB21E8C262007033DC /* S1Interval.swift in Sources */,
				D4D99FEC21E8C262007033DC /* S2.swift in Sources */,
				D4D99FED21E8C262007033DC /* S2AreaCentroid.swift in Sources */,
				D4D99FEE21E8C262007033DC /* S2Cap.swift in Sources */,
				D4D99FEF21E8C262007033DC /* S2Cell.swift in Sources */,
				D4D99FF021E8C262007033DC /* S2CellId.swift in Sources */,
				D4D99FF121E8C262007033DC /* S2CellUnion.swift in Sources */,
				D4D99FF221E8C262007033DC /* S2Edge.swift in Sources */,
				D4D99FF321E8C262007033DC /* S2EdgeIndex.swift in Sources */,
				D4D99FF421E8C262007033DC /* S2EdgeUtil.swift in Sources */,
				D4D99FF521E8C262007033DC /* S2LatLng.swift in Sources */,
				D4D99FF621E8C262007033DC /* S2LatLngRect.swift in Sources */,
				D4D99FF721E8C262007033DC /* S2Loop.swift in Sources */,
				D4D99FF821E8C262007033DC /* S2Point.swift in Sources */,
				D4D99FF921E8C262007033DC /* S2Polygon.swift in Sources */,
				D4D99FFA21E8C262007033DC /* S2PolygonBuilder.swift in Sources */,
				D4D99FFB21E8C262007033DC /* S2Polyline.swift in Sources */,
				D4D99FFC21E8C262007033DC /* S2Projections.swift in Sources */,
				D4D99FFD21E8C262007033DC /* S2Region.swift in Sources */,
				D4D99FFE21E8C262007033DC /* S2RegionCoverer.swift in Sources */,
			);
			runOnlyForDeploymentPostprocessing = 0;
		};
		D4D99F6721E84107007033DC /* Sources */ = {
			isa = PBXSourcesBuildPhase;
			buildActionMask = 2147483647;
			files = (
				D4A4C2D621EAECD4008C23BF /* S2CellIdTests.swift in Sources */,
				D4A4C2DA21EAECF1008C23BF /* GeometryTestCase.swift in Sources */,
			);
			runOnlyForDeploymentPostprocessing = 0;
		};
		D4D99F9721E84CD3007033DC /* Sources */ = {
			isa = PBXSourcesBuildPhase;
			buildActionMask = 2147483647;
			files = (
				D4D9A02D21E8E071007033DC /* R1Interval.swift in Sources */,
				D4D9A02E21E8E071007033DC /* R2Vector.swift in Sources */,
				D4D9A02F21E8E071007033DC /* S1Angle.swift in Sources */,
				D4D9A03021E8E071007033DC /* S1Interval.swift in Sources */,
				D4D9A03121E8E071007033DC /* S2.swift in Sources */,
				D4D9A03221E8E071007033DC /* S2AreaCentroid.swift in Sources */,
				D4D9A03321E8E071007033DC /* S2Cap.swift in Sources */,
				D4D9A03421E8E071007033DC /* S2Cell.swift in Sources */,
				D4D9A03521E8E071007033DC /* S2CellId.swift in Sources */,
				D4D9A03621E8E071007033DC /* S2CellUnion.swift in Sources */,
				D4D9A03721E8E071007033DC /* S2Edge.swift in Sources */,
				D4D9A03821E8E071007033DC /* S2EdgeIndex.swift in Sources */,
				D4D9A03921E8E071007033DC /* S2EdgeUtil.swift in Sources */,
				D4D9A03A21E8E071007033DC /* S2LatLng.swift in Sources */,
				D4D9A03B21E8E071007033DC /* S2LatLngRect.swift in Sources */,
				D4D9A03C21E8E071007033DC /* S2Loop.swift in Sources */,
				D4D9A03D21E8E071007033DC /* S2Point.swift in Sources */,
				D4D9A03E21E8E071007033DC /* S2Polygon.swift in Sources */,
				D4D9A03F21E8E071007033DC /* S2PolygonBuilder.swift in Sources */,
				D4D9A04021E8E071007033DC /* S2Polyline.swift in Sources */,
				D4D9A04121E8E071007033DC /* S2Projections.swift in Sources */,
				D4D9A04221E8E071007033DC /* S2Region.swift in Sources */,
				D4D9A04321E8E071007033DC /* S2RegionCoverer.swift in Sources */,
			);
			runOnlyForDeploymentPostprocessing = 0;
		};
		D4D99F9F21E84CD3007033DC /* Sources */ = {
			isa = PBXSourcesBuildPhase;
			buildActionMask = 2147483647;
			files = (
				D4A4C2D721EAECD4008C23BF /* S2CellIdTests.swift in Sources */,
				D4A4C2DB21EAECF1008C23BF /* GeometryTestCase.swift in Sources */,
			);
			runOnlyForDeploymentPostprocessing = 0;
		};
		D4D99FB321E84CF9007033DC /* Sources */ = {
			isa = PBXSourcesBuildPhase;
			buildActionMask = 2147483647;
			files = (
				D4D99FFF21E8D35D007033DC /* R1Interval.swift in Sources */,
				D4D9A00021E8D35D007033DC /* R2Vector.swift in Sources */,
				D4D9A00121E8D35D007033DC /* S1Angle.swift in Sources */,
				D4D9A00221E8D35D007033DC /* S1Interval.swift in Sources */,
				D4D9A00321E8D35D007033DC /* S2.swift in Sources */,
				D4D9A00421E8D35D007033DC /* S2AreaCentroid.swift in Sources */,
				D4D9A00521E8D35D007033DC /* S2Cap.swift in Sources */,
				D4D9A00621E8D35D007033DC /* S2Cell.swift in Sources */,
				D4D9A00721E8D35D007033DC /* S2CellId.swift in Sources */,
				D4D9A00821E8D35D007033DC /* S2CellUnion.swift in Sources */,
				D4D9A00921E8D35D007033DC /* S2Edge.swift in Sources */,
				D4D9A00A21E8D35D007033DC /* S2EdgeIndex.swift in Sources */,
				D4D9A00B21E8D35D007033DC /* S2EdgeUtil.swift in Sources */,
				D4D9A00C21E8D35D007033DC /* S2LatLng.swift in Sources */,
				D4D9A00D21E8D35D007033DC /* S2LatLngRect.swift in Sources */,
				D4D9A00E21E8D35D007033DC /* S2Loop.swift in Sources */,
				D4D9A00F21E8D35D007033DC /* S2Point.swift in Sources */,
				D4D9A01021E8D35D007033DC /* S2Polygon.swift in Sources */,
				D4D9A01121E8D35D007033DC /* S2PolygonBuilder.swift in Sources */,
				D4D9A01221E8D35D007033DC /* S2Polyline.swift in Sources */,
				D4D9A01321E8D35D007033DC /* S2Projections.swift in Sources */,
				D4D9A01421E8D35D007033DC /* S2Region.swift in Sources */,
				D4D9A01521E8D35D007033DC /* S2RegionCoverer.swift in Sources */,
			);
			runOnlyForDeploymentPostprocessing = 0;
		};
		D4D99FBB21E84CF9007033DC /* Sources */ = {
			isa = PBXSourcesBuildPhase;
			buildActionMask = 2147483647;
			files = (
				D4A4C2D821EAECD4008C23BF /* S2CellIdTests.swift in Sources */,
				D4A4C2DC21EAECF1008C23BF /* GeometryTestCase.swift in Sources */,
			);
			runOnlyForDeploymentPostprocessing = 0;
		};
		D4D99FCF21E84D8D007033DC /* Sources */ = {
			isa = PBXSourcesBuildPhase;
			buildActionMask = 2147483647;
			files = (
				D4D9A01621E8E066007033DC /* R1Interval.swift in Sources */,
				D4D9A01721E8E066007033DC /* R2Vector.swift in Sources */,
				D4D9A01821E8E066007033DC /* S1Angle.swift in Sources */,
				D4D9A01921E8E066007033DC /* S1Interval.swift in Sources */,
				D4D9A01A21E8E066007033DC /* S2.swift in Sources */,
				D4D9A01B21E8E066007033DC /* S2AreaCentroid.swift in Sources */,
				D4D9A01C21E8E066007033DC /* S2Cap.swift in Sources */,
				D4D9A01D21E8E066007033DC /* S2Cell.swift in Sources */,
				D4D9A01E21E8E066007033DC /* S2CellId.swift in Sources */,
				D4D9A01F21E8E066007033DC /* S2CellUnion.swift in Sources */,
				D4D9A02021E8E066007033DC /* S2Edge.swift in Sources */,
				D4D9A02121E8E066007033DC /* S2EdgeIndex.swift in Sources */,
				D4D9A02221E8E066007033DC /* S2EdgeUtil.swift in Sources */,
				D4D9A02321E8E066007033DC /* S2LatLng.swift in Sources */,
				D4D9A02421E8E066007033DC /* S2LatLngRect.swift in Sources */,
				D4D9A02521E8E066007033DC /* S2Loop.swift in Sources */,
				D4D9A02621E8E066007033DC /* S2Point.swift in Sources */,
				D4D9A02721E8E066007033DC /* S2Polygon.swift in Sources */,
				D4D9A02821E8E066007033DC /* S2PolygonBuilder.swift in Sources */,
				D4D9A02921E8E066007033DC /* S2Polyline.swift in Sources */,
				D4D9A02A21E8E066007033DC /* S2Projections.swift in Sources */,
				D4D9A02B21E8E066007033DC /* S2Region.swift in Sources */,
				D4D9A02C21E8E066007033DC /* S2RegionCoverer.swift in Sources */,
			);
			runOnlyForDeploymentPostprocessing = 0;
		};
/* End PBXSourcesBuildPhase section */

/* Begin PBXTargetDependency section */
		D4D99F6E21E84107007033DC /* PBXTargetDependency */ = {
			isa = PBXTargetDependency;
			target = D4D99F6221E84107007033DC /* S2GeometrySwift iOS */;
			targetProxy = D4D99F6D21E84107007033DC /* PBXContainerItemProxy */;
		};
		D4D99FA621E84CD3007033DC /* PBXTargetDependency */ = {
			isa = PBXTargetDependency;
			target = D4D99F9A21E84CD3007033DC /* S2GeometrySwift macOS */;
			targetProxy = D4D99FA521E84CD3007033DC /* PBXContainerItemProxy */;
		};
		D4D99FC221E84CF9007033DC /* PBXTargetDependency */ = {
			isa = PBXTargetDependency;
			target = D4D99FB621E84CF9007033DC /* S2GeometrySwift tvOS */;
			targetProxy = D4D99FC121E84CF9007033DC /* PBXContainerItemProxy */;
		};
/* End PBXTargetDependency section */

/* Begin XCBuildConfiguration section */
		D4D99F7521E84107007033DC /* Debug */ = {
			isa = XCBuildConfiguration;
			buildSettings = {
				ALWAYS_SEARCH_USER_PATHS = NO;
				CLANG_ANALYZER_NONNULL = YES;
				CLANG_ANALYZER_NUMBER_OBJECT_CONVERSION = YES_AGGRESSIVE;
				CLANG_CXX_LANGUAGE_STANDARD = "gnu++14";
				CLANG_CXX_LIBRARY = "libc++";
				CLANG_ENABLE_MODULES = YES;
				CLANG_ENABLE_OBJC_WEAK = YES;
				CLANG_WARN_BLOCK_CAPTURE_AUTORELEASING = YES;
				CLANG_WARN_BOOL_CONVERSION = YES;
				CLANG_WARN_COMMA = YES;
				CLANG_WARN_CONSTANT_CONVERSION = YES;
				CLANG_WARN_DEPRECATED_OBJC_IMPLEMENTATIONS = YES;
				CLANG_WARN_DIRECT_OBJC_ISA_USAGE = YES_ERROR;
				CLANG_WARN_DOCUMENTATION_COMMENTS = YES;
				CLANG_WARN_EMPTY_BODY = YES;
				CLANG_WARN_ENUM_CONVERSION = YES;
				CLANG_WARN_INFINITE_RECURSION = YES;
				CLANG_WARN_INT_CONVERSION = YES;
				CLANG_WARN_NON_LITERAL_NULL_CONVERSION = YES;
				CLANG_WARN_OBJC_IMPLICIT_RETAIN_SELF = YES;
				CLANG_WARN_OBJC_LITERAL_CONVERSION = YES;
				CLANG_WARN_OBJC_ROOT_CLASS = YES_ERROR;
				CLANG_WARN_RANGE_LOOP_ANALYSIS = YES;
				CLANG_WARN_STRICT_PROTOTYPES = YES;
				CLANG_WARN_SUSPICIOUS_MOVE = YES;
				CLANG_WARN_UNGUARDED_AVAILABILITY = YES_AGGRESSIVE;
				CLANG_WARN_UNREACHABLE_CODE = YES;
				CLANG_WARN__DUPLICATE_METHOD_MATCH = YES;
				CODE_SIGN_IDENTITY = "iPhone Developer";
				CODE_SIGN_STYLE = Automatic;
				CURRENT_PROJECT_VERSION = 1;
				DEFINES_MODULE = YES;
				DYLIB_COMPATIBILITY_VERSION = 1;
				DYLIB_CURRENT_VERSION = 1;
				DYLIB_INSTALL_NAME_BASE = "@rpath";
				ENABLE_STRICT_OBJC_MSGSEND = YES;
				ENABLE_TESTABILITY = YES;
				GCC_C_LANGUAGE_STANDARD = gnu11;
				GCC_DYNAMIC_NO_PIC = NO;
				GCC_NO_COMMON_BLOCKS = YES;
				GCC_WARN_64_TO_32_BIT_CONVERSION = YES;
				GCC_WARN_ABOUT_RETURN_TYPE = YES_ERROR;
				GCC_WARN_UNDECLARED_SELECTOR = YES;
				GCC_WARN_UNINITIALIZED_AUTOS = YES_AGGRESSIVE;
				GCC_WARN_UNUSED_FUNCTION = YES;
				GCC_WARN_UNUSED_VARIABLE = YES;
				INFOPLIST_FILE = "$(SRCROOT)/Sources/Info.plist";
				INSTALL_PATH = "$(LOCAL_LIBRARY_DIR)/Frameworks";
				IPHONEOS_DEPLOYMENT_TARGET = 8.0;
				LD_RUNPATH_SEARCH_PATHS = "$(inherited) @executable_path/Frameworks @loader_path/Frameworks";
				MTL_ENABLE_DEBUG_INFO = INCLUDE_SOURCE;
				MTL_FAST_MATH = YES;
				ONLY_ACTIVE_ARCH = YES;
				PRODUCT_BUNDLE_IDENTIFIER = com.nextgeneration.S2GeometrySwift;
				PRODUCT_NAME = S2GeometrySwift;
				SDKROOT = iphoneos;
				SKIP_INSTALL = YES;
				SUPPORTED_PLATFORMS = "iphonesimulator iphoneos";
				SWIFT_ACTIVE_COMPILATION_CONDITIONS = DEBUG;
				SWIFT_VERSION = 4.2;
				TARGETED_DEVICE_FAMILY = "1,2";
				VERSIONING_SYSTEM = "apple-generic";
				VERSION_INFO_PREFIX = "";
			};
			name = Debug;
		};
		D4D99F7621E84107007033DC /* Release */ = {
			isa = XCBuildConfiguration;
			buildSettings = {
				ALWAYS_SEARCH_USER_PATHS = NO;
				CLANG_ANALYZER_NONNULL = YES;
				CLANG_ANALYZER_NUMBER_OBJECT_CONVERSION = YES_AGGRESSIVE;
				CLANG_CXX_LANGUAGE_STANDARD = "gnu++14";
				CLANG_CXX_LIBRARY = "libc++";
				CLANG_ENABLE_MODULES = YES;
				CLANG_ENABLE_OBJC_WEAK = YES;
				CLANG_WARN_BLOCK_CAPTURE_AUTORELEASING = YES;
				CLANG_WARN_BOOL_CONVERSION = YES;
				CLANG_WARN_COMMA = YES;
				CLANG_WARN_CONSTANT_CONVERSION = YES;
				CLANG_WARN_DEPRECATED_OBJC_IMPLEMENTATIONS = YES;
				CLANG_WARN_DIRECT_OBJC_ISA_USAGE = YES_ERROR;
				CLANG_WARN_DOCUMENTATION_COMMENTS = YES;
				CLANG_WARN_EMPTY_BODY = YES;
				CLANG_WARN_ENUM_CONVERSION = YES;
				CLANG_WARN_INFINITE_RECURSION = YES;
				CLANG_WARN_INT_CONVERSION = YES;
				CLANG_WARN_NON_LITERAL_NULL_CONVERSION = YES;
				CLANG_WARN_OBJC_IMPLICIT_RETAIN_SELF = YES;
				CLANG_WARN_OBJC_LITERAL_CONVERSION = YES;
				CLANG_WARN_OBJC_ROOT_CLASS = YES_ERROR;
				CLANG_WARN_RANGE_LOOP_ANALYSIS = YES;
				CLANG_WARN_STRICT_PROTOTYPES = YES;
				CLANG_WARN_SUSPICIOUS_MOVE = YES;
				CLANG_WARN_UNGUARDED_AVAILABILITY = YES_AGGRESSIVE;
				CLANG_WARN_UNREACHABLE_CODE = YES;
				CLANG_WARN__DUPLICATE_METHOD_MATCH = YES;
				CODE_SIGN_IDENTITY = "iPhone Developer";
				CODE_SIGN_STYLE = Automatic;
				COPY_PHASE_STRIP = NO;
				CURRENT_PROJECT_VERSION = 1;
				DEFINES_MODULE = YES;
				DYLIB_COMPATIBILITY_VERSION = 1;
				DYLIB_CURRENT_VERSION = 1;
				DYLIB_INSTALL_NAME_BASE = "@rpath";
				ENABLE_NS_ASSERTIONS = NO;
				ENABLE_STRICT_OBJC_MSGSEND = YES;
				GCC_C_LANGUAGE_STANDARD = gnu11;
				GCC_NO_COMMON_BLOCKS = YES;
				GCC_WARN_64_TO_32_BIT_CONVERSION = YES;
				GCC_WARN_ABOUT_RETURN_TYPE = YES_ERROR;
				GCC_WARN_UNDECLARED_SELECTOR = YES;
				GCC_WARN_UNINITIALIZED_AUTOS = YES_AGGRESSIVE;
				GCC_WARN_UNUSED_FUNCTION = YES;
				GCC_WARN_UNUSED_VARIABLE = YES;
				INFOPLIST_FILE = "$(SRCROOT)/Sources/Info.plist";
				INSTALL_PATH = "$(LOCAL_LIBRARY_DIR)/Frameworks";
				IPHONEOS_DEPLOYMENT_TARGET = 8.0;
				LD_RUNPATH_SEARCH_PATHS = "$(inherited) @executable_path/Frameworks @loader_path/Frameworks";
				MTL_ENABLE_DEBUG_INFO = NO;
				MTL_FAST_MATH = YES;
				ONLY_ACTIVE_ARCH = NO;
				PRODUCT_BUNDLE_IDENTIFIER = com.nextgeneration.S2GeometrySwift;
				PRODUCT_NAME = S2GeometrySwift;
				SDKROOT = iphoneos;
				SKIP_INSTALL = YES;
				SUPPORTED_PLATFORMS = "iphonesimulator iphoneos";
				SWIFT_VERSION = 4.2;
				TARGETED_DEVICE_FAMILY = "1,2";
				VALIDATE_PRODUCT = YES;
				VERSIONING_SYSTEM = "apple-generic";
				VERSION_INFO_PREFIX = "";
			};
			name = Release;
		};
		D4D99F7821E84107007033DC /* Debug */ = {
			isa = XCBuildConfiguration;
			buildSettings = {
				ALWAYS_EMBED_SWIFT_STANDARD_LIBRARIES = YES;
				ALWAYS_SEARCH_USER_PATHS = NO;
				CLANG_ANALYZER_NONNULL = YES;
				CLANG_ANALYZER_NUMBER_OBJECT_CONVERSION = YES_AGGRESSIVE;
				CLANG_CXX_LANGUAGE_STANDARD = "gnu++14";
				CLANG_CXX_LIBRARY = "libc++";
				CLANG_ENABLE_MODULES = YES;
				CLANG_ENABLE_OBJC_WEAK = YES;
				CLANG_WARN_BLOCK_CAPTURE_AUTORELEASING = YES;
				CLANG_WARN_BOOL_CONVERSION = YES;
				CLANG_WARN_COMMA = YES;
				CLANG_WARN_CONSTANT_CONVERSION = YES;
				CLANG_WARN_DEPRECATED_OBJC_IMPLEMENTATIONS = YES;
				CLANG_WARN_DIRECT_OBJC_ISA_USAGE = YES_ERROR;
				CLANG_WARN_DOCUMENTATION_COMMENTS = YES;
				CLANG_WARN_EMPTY_BODY = YES;
				CLANG_WARN_ENUM_CONVERSION = YES;
				CLANG_WARN_INFINITE_RECURSION = YES;
				CLANG_WARN_INT_CONVERSION = YES;
				CLANG_WARN_NON_LITERAL_NULL_CONVERSION = YES;
				CLANG_WARN_OBJC_IMPLICIT_RETAIN_SELF = YES;
				CLANG_WARN_OBJC_LITERAL_CONVERSION = YES;
				CLANG_WARN_OBJC_ROOT_CLASS = YES_ERROR;
				CLANG_WARN_RANGE_LOOP_ANALYSIS = YES;
				CLANG_WARN_STRICT_PROTOTYPES = YES;
				CLANG_WARN_SUSPICIOUS_MOVE = YES;
				CLANG_WARN_UNGUARDED_AVAILABILITY = YES_AGGRESSIVE;
				CLANG_WARN_UNREACHABLE_CODE = YES;
				CLANG_WARN__DUPLICATE_METHOD_MATCH = YES;
				CODE_SIGN_IDENTITY = "iPhone Developer";
				CODE_SIGN_STYLE = Manual;
				DEVELOPMENT_TEAM = "";
				ENABLE_STRICT_OBJC_MSGSEND = YES;
				ENABLE_TESTABILITY = YES;
				GCC_C_LANGUAGE_STANDARD = gnu11;
				GCC_DYNAMIC_NO_PIC = NO;
				GCC_NO_COMMON_BLOCKS = YES;
				GCC_WARN_64_TO_32_BIT_CONVERSION = YES;
				GCC_WARN_ABOUT_RETURN_TYPE = YES_ERROR;
				GCC_WARN_UNDECLARED_SELECTOR = YES;
				GCC_WARN_UNINITIALIZED_AUTOS = YES_AGGRESSIVE;
				GCC_WARN_UNUSED_FUNCTION = YES;
				GCC_WARN_UNUSED_VARIABLE = YES;
				INFOPLIST_FILE = Sources/Info.plist;
				IPHONEOS_DEPLOYMENT_TARGET = 12.1;
				LD_RUNPATH_SEARCH_PATHS = "$(inherited) @executable_path/Frameworks @loader_path/Frameworks";
				MTL_ENABLE_DEBUG_INFO = INCLUDE_SOURCE;
				MTL_FAST_MATH = YES;
				PRODUCT_BUNDLE_IDENTIFIER = com.nextgeneration.S2GeometrySwiftTests;
				PRODUCT_NAME = "$(TARGET_NAME)";
				PROVISIONING_PROFILE_SPECIFIER = "";
				SDKROOT = iphoneos;
				SUPPORTED_PLATFORMS = "iphonesimulator iphoneos";
				SWIFT_ACTIVE_COMPILATION_CONDITIONS = DEBUG;
				SWIFT_OPTIMIZATION_LEVEL = "-Onone";
				SWIFT_VERSION = 4.0;
				TARGETED_DEVICE_FAMILY = "1,2";
			};
			name = Debug;
		};
		D4D99F7921E84107007033DC /* Release */ = {
			isa = XCBuildConfiguration;
			buildSettings = {
				ALWAYS_EMBED_SWIFT_STANDARD_LIBRARIES = YES;
				ALWAYS_SEARCH_USER_PATHS = NO;
				CLANG_ANALYZER_NONNULL = YES;
				CLANG_ANALYZER_NUMBER_OBJECT_CONVERSION = YES_AGGRESSIVE;
				CLANG_CXX_LANGUAGE_STANDARD = "gnu++14";
				CLANG_CXX_LIBRARY = "libc++";
				CLANG_ENABLE_MODULES = YES;
				CLANG_ENABLE_OBJC_WEAK = YES;
				CLANG_WARN_BLOCK_CAPTURE_AUTORELEASING = YES;
				CLANG_WARN_BOOL_CONVERSION = YES;
				CLANG_WARN_COMMA = YES;
				CLANG_WARN_CONSTANT_CONVERSION = YES;
				CLANG_WARN_DEPRECATED_OBJC_IMPLEMENTATIONS = YES;
				CLANG_WARN_DIRECT_OBJC_ISA_USAGE = YES_ERROR;
				CLANG_WARN_DOCUMENTATION_COMMENTS = YES;
				CLANG_WARN_EMPTY_BODY = YES;
				CLANG_WARN_ENUM_CONVERSION = YES;
				CLANG_WARN_INFINITE_RECURSION = YES;
				CLANG_WARN_INT_CONVERSION = YES;
				CLANG_WARN_NON_LITERAL_NULL_CONVERSION = YES;
				CLANG_WARN_OBJC_IMPLICIT_RETAIN_SELF = YES;
				CLANG_WARN_OBJC_LITERAL_CONVERSION = YES;
				CLANG_WARN_OBJC_ROOT_CLASS = YES_ERROR;
				CLANG_WARN_RANGE_LOOP_ANALYSIS = YES;
				CLANG_WARN_STRICT_PROTOTYPES = YES;
				CLANG_WARN_SUSPICIOUS_MOVE = YES;
				CLANG_WARN_UNGUARDED_AVAILABILITY = YES_AGGRESSIVE;
				CLANG_WARN_UNREACHABLE_CODE = YES;
				CLANG_WARN__DUPLICATE_METHOD_MATCH = YES;
				CODE_SIGN_IDENTITY = "iPhone Developer";
				CODE_SIGN_STYLE = Manual;
				COPY_PHASE_STRIP = NO;
				DEVELOPMENT_TEAM = "";
				ENABLE_NS_ASSERTIONS = NO;
				ENABLE_STRICT_OBJC_MSGSEND = YES;
				GCC_C_LANGUAGE_STANDARD = gnu11;
				GCC_NO_COMMON_BLOCKS = YES;
				GCC_WARN_64_TO_32_BIT_CONVERSION = YES;
				GCC_WARN_ABOUT_RETURN_TYPE = YES_ERROR;
				GCC_WARN_UNDECLARED_SELECTOR = YES;
				GCC_WARN_UNINITIALIZED_AUTOS = YES_AGGRESSIVE;
				GCC_WARN_UNUSED_FUNCTION = YES;
				GCC_WARN_UNUSED_VARIABLE = YES;
				INFOPLIST_FILE = Sources/Info.plist;
				IPHONEOS_DEPLOYMENT_TARGET = 12.1;
				LD_RUNPATH_SEARCH_PATHS = "$(inherited) @executable_path/Frameworks @loader_path/Frameworks";
				MTL_ENABLE_DEBUG_INFO = NO;
				MTL_FAST_MATH = YES;
				PRODUCT_BUNDLE_IDENTIFIER = com.nextgeneration.S2GeometrySwiftTests;
				PRODUCT_NAME = "$(TARGET_NAME)";
				PROVISIONING_PROFILE_SPECIFIER = "";
				SDKROOT = iphoneos;
				SUPPORTED_PLATFORMS = "iphonesimulator iphoneos";
				SWIFT_VERSION = 4.0;
				TARGETED_DEVICE_FAMILY = "1,2";
				VALIDATE_PRODUCT = YES;
			};
			name = Release;
		};
		D4D99FAD21E84CD3007033DC /* Debug */ = {
			isa = XCBuildConfiguration;
			buildSettings = {
				ALWAYS_SEARCH_USER_PATHS = NO;
				CLANG_ANALYZER_NONNULL = YES;
				CLANG_ANALYZER_NUMBER_OBJECT_CONVERSION = YES_AGGRESSIVE;
				CLANG_CXX_LANGUAGE_STANDARD = "gnu++14";
				CLANG_CXX_LIBRARY = "libc++";
				CLANG_ENABLE_MODULES = YES;
				CLANG_ENABLE_OBJC_WEAK = YES;
				CLANG_WARN_BLOCK_CAPTURE_AUTORELEASING = YES;
				CLANG_WARN_BOOL_CONVERSION = YES;
				CLANG_WARN_COMMA = YES;
				CLANG_WARN_CONSTANT_CONVERSION = YES;
				CLANG_WARN_DEPRECATED_OBJC_IMPLEMENTATIONS = YES;
				CLANG_WARN_DIRECT_OBJC_ISA_USAGE = YES_ERROR;
				CLANG_WARN_DOCUMENTATION_COMMENTS = YES;
				CLANG_WARN_EMPTY_BODY = YES;
				CLANG_WARN_ENUM_CONVERSION = YES;
				CLANG_WARN_INFINITE_RECURSION = YES;
				CLANG_WARN_INT_CONVERSION = YES;
				CLANG_WARN_NON_LITERAL_NULL_CONVERSION = YES;
				CLANG_WARN_OBJC_IMPLICIT_RETAIN_SELF = YES;
				CLANG_WARN_OBJC_LITERAL_CONVERSION = YES;
				CLANG_WARN_OBJC_ROOT_CLASS = YES_ERROR;
				CLANG_WARN_RANGE_LOOP_ANALYSIS = YES;
				CLANG_WARN_STRICT_PROTOTYPES = YES;
				CLANG_WARN_SUSPICIOUS_MOVE = YES;
				CLANG_WARN_UNGUARDED_AVAILABILITY = YES_AGGRESSIVE;
				CLANG_WARN_UNREACHABLE_CODE = YES;
				CLANG_WARN__DUPLICATE_METHOD_MATCH = YES;
				CODE_SIGN_IDENTITY = "-";
				CODE_SIGN_STYLE = Automatic;
				COMBINE_HIDPI_IMAGES = YES;
				CURRENT_PROJECT_VERSION = 1;
				DEFINES_MODULE = YES;
				DYLIB_COMPATIBILITY_VERSION = 1;
				DYLIB_CURRENT_VERSION = 1;
				DYLIB_INSTALL_NAME_BASE = "@rpath";
				ENABLE_STRICT_OBJC_MSGSEND = YES;
				ENABLE_TESTABILITY = YES;
				FRAMEWORK_VERSION = A;
				GCC_C_LANGUAGE_STANDARD = gnu11;
				GCC_DYNAMIC_NO_PIC = NO;
				GCC_NO_COMMON_BLOCKS = YES;
				GCC_WARN_64_TO_32_BIT_CONVERSION = YES;
				GCC_WARN_ABOUT_RETURN_TYPE = YES_ERROR;
				GCC_WARN_UNDECLARED_SELECTOR = YES;
				GCC_WARN_UNINITIALIZED_AUTOS = YES_AGGRESSIVE;
				GCC_WARN_UNUSED_FUNCTION = YES;
				GCC_WARN_UNUSED_VARIABLE = YES;
				INFOPLIST_FILE = "$(SRCROOT)/Sources/Info.plist";
				INSTALL_PATH = "$(LOCAL_LIBRARY_DIR)/Frameworks";
				LD_RUNPATH_SEARCH_PATHS = "$(inherited) @executable_path/../Frameworks @loader_path/Frameworks";
				MACOSX_DEPLOYMENT_TARGET = 10.9;
				MTL_ENABLE_DEBUG_INFO = INCLUDE_SOURCE;
				MTL_FAST_MATH = YES;
				PRODUCT_BUNDLE_IDENTIFIER = com.nextgeneration.S2GeometrySwift;
				PRODUCT_NAME = S2GeometrySwift;
				SKIP_INSTALL = YES;
				SUPPORTED_PLATFORMS = macosx;
				SWIFT_ACTIVE_COMPILATION_CONDITIONS = DEBUG;
				SWIFT_VERSION = 4.2;
				VERSIONING_SYSTEM = "apple-generic";
				VERSION_INFO_PREFIX = "";
			};
			name = Debug;
		};
		D4D99FAE21E84CD3007033DC /* Release */ = {
			isa = XCBuildConfiguration;
			buildSettings = {
				ALWAYS_SEARCH_USER_PATHS = NO;
				CLANG_ANALYZER_NONNULL = YES;
				CLANG_ANALYZER_NUMBER_OBJECT_CONVERSION = YES_AGGRESSIVE;
				CLANG_CXX_LANGUAGE_STANDARD = "gnu++14";
				CLANG_CXX_LIBRARY = "libc++";
				CLANG_ENABLE_MODULES = YES;
				CLANG_ENABLE_OBJC_WEAK = YES;
				CLANG_WARN_BLOCK_CAPTURE_AUTORELEASING = YES;
				CLANG_WARN_BOOL_CONVERSION = YES;
				CLANG_WARN_COMMA = YES;
				CLANG_WARN_CONSTANT_CONVERSION = YES;
				CLANG_WARN_DEPRECATED_OBJC_IMPLEMENTATIONS = YES;
				CLANG_WARN_DIRECT_OBJC_ISA_USAGE = YES_ERROR;
				CLANG_WARN_DOCUMENTATION_COMMENTS = YES;
				CLANG_WARN_EMPTY_BODY = YES;
				CLANG_WARN_ENUM_CONVERSION = YES;
				CLANG_WARN_INFINITE_RECURSION = YES;
				CLANG_WARN_INT_CONVERSION = YES;
				CLANG_WARN_NON_LITERAL_NULL_CONVERSION = YES;
				CLANG_WARN_OBJC_IMPLICIT_RETAIN_SELF = YES;
				CLANG_WARN_OBJC_LITERAL_CONVERSION = YES;
				CLANG_WARN_OBJC_ROOT_CLASS = YES_ERROR;
				CLANG_WARN_RANGE_LOOP_ANALYSIS = YES;
				CLANG_WARN_STRICT_PROTOTYPES = YES;
				CLANG_WARN_SUSPICIOUS_MOVE = YES;
				CLANG_WARN_UNGUARDED_AVAILABILITY = YES_AGGRESSIVE;
				CLANG_WARN_UNREACHABLE_CODE = YES;
				CLANG_WARN__DUPLICATE_METHOD_MATCH = YES;
				CODE_SIGN_IDENTITY = "-";
				CODE_SIGN_STYLE = Automatic;
				COMBINE_HIDPI_IMAGES = YES;
				COPY_PHASE_STRIP = NO;
				CURRENT_PROJECT_VERSION = 1;
				DEFINES_MODULE = YES;
				DYLIB_COMPATIBILITY_VERSION = 1;
				DYLIB_CURRENT_VERSION = 1;
				DYLIB_INSTALL_NAME_BASE = "@rpath";
				ENABLE_NS_ASSERTIONS = NO;
				ENABLE_STRICT_OBJC_MSGSEND = YES;
				FRAMEWORK_VERSION = A;
				GCC_C_LANGUAGE_STANDARD = gnu11;
				GCC_NO_COMMON_BLOCKS = YES;
				GCC_WARN_64_TO_32_BIT_CONVERSION = YES;
				GCC_WARN_ABOUT_RETURN_TYPE = YES_ERROR;
				GCC_WARN_UNDECLARED_SELECTOR = YES;
				GCC_WARN_UNINITIALIZED_AUTOS = YES_AGGRESSIVE;
				GCC_WARN_UNUSED_FUNCTION = YES;
				GCC_WARN_UNUSED_VARIABLE = YES;
				INFOPLIST_FILE = "$(SRCROOT)/Sources/Info.plist";
				INSTALL_PATH = "$(LOCAL_LIBRARY_DIR)/Frameworks";
				LD_RUNPATH_SEARCH_PATHS = "$(inherited) @executable_path/../Frameworks @loader_path/Frameworks";
				MACOSX_DEPLOYMENT_TARGET = 10.9;
				MTL_ENABLE_DEBUG_INFO = NO;
				MTL_FAST_MATH = YES;
				PRODUCT_BUNDLE_IDENTIFIER = com.nextgeneration.S2GeometrySwift;
				PRODUCT_NAME = S2GeometrySwift;
				SKIP_INSTALL = YES;
				SUPPORTED_PLATFORMS = macosx;
				SWIFT_VERSION = 4.2;
				VERSIONING_SYSTEM = "apple-generic";
				VERSION_INFO_PREFIX = "";
			};
			name = Release;
		};
		D4D99FB021E84CD3007033DC /* Debug */ = {
			isa = XCBuildConfiguration;
			buildSettings = {
				ALWAYS_EMBED_SWIFT_STANDARD_LIBRARIES = YES;
				ALWAYS_SEARCH_USER_PATHS = NO;
				CLANG_ANALYZER_NONNULL = YES;
				CLANG_ANALYZER_NUMBER_OBJECT_CONVERSION = YES_AGGRESSIVE;
				CLANG_CXX_LANGUAGE_STANDARD = "gnu++14";
				CLANG_CXX_LIBRARY = "libc++";
				CLANG_ENABLE_MODULES = YES;
				CLANG_ENABLE_OBJC_WEAK = YES;
				CLANG_WARN_BLOCK_CAPTURE_AUTORELEASING = YES;
				CLANG_WARN_BOOL_CONVERSION = YES;
				CLANG_WARN_COMMA = YES;
				CLANG_WARN_CONSTANT_CONVERSION = YES;
				CLANG_WARN_DEPRECATED_OBJC_IMPLEMENTATIONS = YES;
				CLANG_WARN_DIRECT_OBJC_ISA_USAGE = YES_ERROR;
				CLANG_WARN_DOCUMENTATION_COMMENTS = YES;
				CLANG_WARN_EMPTY_BODY = YES;
				CLANG_WARN_ENUM_CONVERSION = YES;
				CLANG_WARN_INFINITE_RECURSION = YES;
				CLANG_WARN_INT_CONVERSION = YES;
				CLANG_WARN_NON_LITERAL_NULL_CONVERSION = YES;
				CLANG_WARN_OBJC_IMPLICIT_RETAIN_SELF = YES;
				CLANG_WARN_OBJC_LITERAL_CONVERSION = YES;
				CLANG_WARN_OBJC_ROOT_CLASS = YES_ERROR;
				CLANG_WARN_RANGE_LOOP_ANALYSIS = YES;
				CLANG_WARN_STRICT_PROTOTYPES = YES;
				CLANG_WARN_SUSPICIOUS_MOVE = YES;
				CLANG_WARN_UNGUARDED_AVAILABILITY = YES_AGGRESSIVE;
				CLANG_WARN_UNREACHABLE_CODE = YES;
				CLANG_WARN__DUPLICATE_METHOD_MATCH = YES;
				CODE_SIGN_IDENTITY = "-";
				CODE_SIGN_STYLE = Automatic;
				COMBINE_HIDPI_IMAGES = YES;
				ENABLE_STRICT_OBJC_MSGSEND = YES;
				ENABLE_TESTABILITY = YES;
				GCC_C_LANGUAGE_STANDARD = gnu11;
				GCC_DYNAMIC_NO_PIC = NO;
				GCC_NO_COMMON_BLOCKS = YES;
				GCC_WARN_64_TO_32_BIT_CONVERSION = YES;
				GCC_WARN_ABOUT_RETURN_TYPE = YES_ERROR;
				GCC_WARN_UNDECLARED_SELECTOR = YES;
				GCC_WARN_UNINITIALIZED_AUTOS = YES_AGGRESSIVE;
				GCC_WARN_UNUSED_FUNCTION = YES;
				GCC_WARN_UNUSED_VARIABLE = YES;
				INFOPLIST_FILE = Sources/Info.plist;
				LD_RUNPATH_SEARCH_PATHS = "$(inherited) @executable_path/../Frameworks @loader_path/../Frameworks";
				MACOSX_DEPLOYMENT_TARGET = 10.14;
				MTL_ENABLE_DEBUG_INFO = INCLUDE_SOURCE;
				MTL_FAST_MATH = YES;
				PRODUCT_BUNDLE_IDENTIFIER = com.nextgeneration.S2GeometrySwiftTests;
				PRODUCT_NAME = "$(TARGET_NAME)";
				SUPPORTED_PLATFORMS = macosx;
				SWIFT_ACTIVE_COMPILATION_CONDITIONS = DEBUG;
				SWIFT_VERSION = 4.2;
			};
			name = Debug;
		};
		D4D99FB121E84CD3007033DC /* Release */ = {
			isa = XCBuildConfiguration;
			buildSettings = {
				ALWAYS_EMBED_SWIFT_STANDARD_LIBRARIES = YES;
				ALWAYS_SEARCH_USER_PATHS = NO;
				CLANG_ANALYZER_NONNULL = YES;
				CLANG_ANALYZER_NUMBER_OBJECT_CONVERSION = YES_AGGRESSIVE;
				CLANG_CXX_LANGUAGE_STANDARD = "gnu++14";
				CLANG_CXX_LIBRARY = "libc++";
				CLANG_ENABLE_MODULES = YES;
				CLANG_ENABLE_OBJC_WEAK = YES;
				CLANG_WARN_BLOCK_CAPTURE_AUTORELEASING = YES;
				CLANG_WARN_BOOL_CONVERSION = YES;
				CLANG_WARN_COMMA = YES;
				CLANG_WARN_CONSTANT_CONVERSION = YES;
				CLANG_WARN_DEPRECATED_OBJC_IMPLEMENTATIONS = YES;
				CLANG_WARN_DIRECT_OBJC_ISA_USAGE = YES_ERROR;
				CLANG_WARN_DOCUMENTATION_COMMENTS = YES;
				CLANG_WARN_EMPTY_BODY = YES;
				CLANG_WARN_ENUM_CONVERSION = YES;
				CLANG_WARN_INFINITE_RECURSION = YES;
				CLANG_WARN_INT_CONVERSION = YES;
				CLANG_WARN_NON_LITERAL_NULL_CONVERSION = YES;
				CLANG_WARN_OBJC_IMPLICIT_RETAIN_SELF = YES;
				CLANG_WARN_OBJC_LITERAL_CONVERSION = YES;
				CLANG_WARN_OBJC_ROOT_CLASS = YES_ERROR;
				CLANG_WARN_RANGE_LOOP_ANALYSIS = YES;
				CLANG_WARN_STRICT_PROTOTYPES = YES;
				CLANG_WARN_SUSPICIOUS_MOVE = YES;
				CLANG_WARN_UNGUARDED_AVAILABILITY = YES_AGGRESSIVE;
				CLANG_WARN_UNREACHABLE_CODE = YES;
				CLANG_WARN__DUPLICATE_METHOD_MATCH = YES;
				CODE_SIGN_IDENTITY = "-";
				CODE_SIGN_STYLE = Automatic;
				COMBINE_HIDPI_IMAGES = YES;
				COPY_PHASE_STRIP = NO;
				ENABLE_NS_ASSERTIONS = NO;
				ENABLE_STRICT_OBJC_MSGSEND = YES;
				GCC_C_LANGUAGE_STANDARD = gnu11;
				GCC_NO_COMMON_BLOCKS = YES;
				GCC_WARN_64_TO_32_BIT_CONVERSION = YES;
				GCC_WARN_ABOUT_RETURN_TYPE = YES_ERROR;
				GCC_WARN_UNDECLARED_SELECTOR = YES;
				GCC_WARN_UNINITIALIZED_AUTOS = YES_AGGRESSIVE;
				GCC_WARN_UNUSED_FUNCTION = YES;
				GCC_WARN_UNUSED_VARIABLE = YES;
				INFOPLIST_FILE = Sources/Info.plist;
				LD_RUNPATH_SEARCH_PATHS = "$(inherited) @executable_path/../Frameworks @loader_path/../Frameworks";
				MACOSX_DEPLOYMENT_TARGET = 10.14;
				MTL_ENABLE_DEBUG_INFO = NO;
				MTL_FAST_MATH = YES;
				PRODUCT_BUNDLE_IDENTIFIER = com.nextgeneration.S2GeometrySwiftTests;
				PRODUCT_NAME = "$(TARGET_NAME)";
				SUPPORTED_PLATFORMS = macosx;
				SWIFT_VERSION = 4.2;
			};
			name = Release;
		};
		D4D99FC921E84CF9007033DC /* Debug */ = {
			isa = XCBuildConfiguration;
			buildSettings = {
				ALWAYS_SEARCH_USER_PATHS = NO;
				CLANG_ANALYZER_NONNULL = YES;
				CLANG_ANALYZER_NUMBER_OBJECT_CONVERSION = YES_AGGRESSIVE;
				CLANG_CXX_LANGUAGE_STANDARD = "gnu++14";
				CLANG_CXX_LIBRARY = "libc++";
				CLANG_ENABLE_MODULES = YES;
				CLANG_ENABLE_OBJC_WEAK = YES;
				CLANG_WARN_BLOCK_CAPTURE_AUTORELEASING = YES;
				CLANG_WARN_BOOL_CONVERSION = YES;
				CLANG_WARN_COMMA = YES;
				CLANG_WARN_CONSTANT_CONVERSION = YES;
				CLANG_WARN_DEPRECATED_OBJC_IMPLEMENTATIONS = YES;
				CLANG_WARN_DIRECT_OBJC_ISA_USAGE = YES_ERROR;
				CLANG_WARN_DOCUMENTATION_COMMENTS = YES;
				CLANG_WARN_EMPTY_BODY = YES;
				CLANG_WARN_ENUM_CONVERSION = YES;
				CLANG_WARN_INFINITE_RECURSION = YES;
				CLANG_WARN_INT_CONVERSION = YES;
				CLANG_WARN_NON_LITERAL_NULL_CONVERSION = YES;
				CLANG_WARN_OBJC_IMPLICIT_RETAIN_SELF = YES;
				CLANG_WARN_OBJC_LITERAL_CONVERSION = YES;
				CLANG_WARN_OBJC_ROOT_CLASS = YES_ERROR;
				CLANG_WARN_RANGE_LOOP_ANALYSIS = YES;
				CLANG_WARN_STRICT_PROTOTYPES = YES;
				CLANG_WARN_SUSPICIOUS_MOVE = YES;
				CLANG_WARN_UNGUARDED_AVAILABILITY = YES_AGGRESSIVE;
				CLANG_WARN_UNREACHABLE_CODE = YES;
				CLANG_WARN__DUPLICATE_METHOD_MATCH = YES;
				CODE_SIGN_IDENTITY = "";
				CODE_SIGN_STYLE = Automatic;
				CURRENT_PROJECT_VERSION = 1;
				DEFINES_MODULE = YES;
				DYLIB_COMPATIBILITY_VERSION = 1;
				DYLIB_CURRENT_VERSION = 1;
				DYLIB_INSTALL_NAME_BASE = "@rpath";
				ENABLE_STRICT_OBJC_MSGSEND = YES;
				ENABLE_TESTABILITY = YES;
				GCC_C_LANGUAGE_STANDARD = gnu11;
				GCC_DYNAMIC_NO_PIC = NO;
				GCC_NO_COMMON_BLOCKS = YES;
				GCC_WARN_64_TO_32_BIT_CONVERSION = YES;
				GCC_WARN_ABOUT_RETURN_TYPE = YES_ERROR;
				GCC_WARN_UNDECLARED_SELECTOR = YES;
				GCC_WARN_UNINITIALIZED_AUTOS = YES_AGGRESSIVE;
				GCC_WARN_UNUSED_FUNCTION = YES;
				GCC_WARN_UNUSED_VARIABLE = YES;
				INFOPLIST_FILE = "$(SRCROOT)/Sources/Info.plist";
				INSTALL_PATH = "$(LOCAL_LIBRARY_DIR)/Frameworks";
				LD_RUNPATH_SEARCH_PATHS = "$(inherited) @executable_path/Frameworks @loader_path/Frameworks";
				MTL_ENABLE_DEBUG_INFO = INCLUDE_SOURCE;
				MTL_FAST_MATH = YES;
				PRODUCT_BUNDLE_IDENTIFIER = com.nextgeneration.S2GeometrySwift;
				PRODUCT_NAME = S2GeometrySwift;
				SDKROOT = appletvos;
				SKIP_INSTALL = YES;
				SUPPORTED_PLATFORMS = "appletvsimulator appletvos";
				SWIFT_ACTIVE_COMPILATION_CONDITIONS = DEBUG;
				SWIFT_VERSION = 4.2;
				TARGETED_DEVICE_FAMILY = 3;
				TVOS_DEPLOYMENT_TARGET = 9.0;
				VERSIONING_SYSTEM = "apple-generic";
				VERSION_INFO_PREFIX = "";
			};
			name = Debug;
		};
		D4D99FCA21E84CF9007033DC /* Release */ = {
			isa = XCBuildConfiguration;
			buildSettings = {
				ALWAYS_SEARCH_USER_PATHS = NO;
				CLANG_ANALYZER_NONNULL = YES;
				CLANG_ANALYZER_NUMBER_OBJECT_CONVERSION = YES_AGGRESSIVE;
				CLANG_CXX_LANGUAGE_STANDARD = "gnu++14";
				CLANG_CXX_LIBRARY = "libc++";
				CLANG_ENABLE_MODULES = YES;
				CLANG_ENABLE_OBJC_WEAK = YES;
				CLANG_WARN_BLOCK_CAPTURE_AUTORELEASING = YES;
				CLANG_WARN_BOOL_CONVERSION = YES;
				CLANG_WARN_COMMA = YES;
				CLANG_WARN_CONSTANT_CONVERSION = YES;
				CLANG_WARN_DEPRECATED_OBJC_IMPLEMENTATIONS = YES;
				CLANG_WARN_DIRECT_OBJC_ISA_USAGE = YES_ERROR;
				CLANG_WARN_DOCUMENTATION_COMMENTS = YES;
				CLANG_WARN_EMPTY_BODY = YES;
				CLANG_WARN_ENUM_CONVERSION = YES;
				CLANG_WARN_INFINITE_RECURSION = YES;
				CLANG_WARN_INT_CONVERSION = YES;
				CLANG_WARN_NON_LITERAL_NULL_CONVERSION = YES;
				CLANG_WARN_OBJC_IMPLICIT_RETAIN_SELF = YES;
				CLANG_WARN_OBJC_LITERAL_CONVERSION = YES;
				CLANG_WARN_OBJC_ROOT_CLASS = YES_ERROR;
				CLANG_WARN_RANGE_LOOP_ANALYSIS = YES;
				CLANG_WARN_STRICT_PROTOTYPES = YES;
				CLANG_WARN_SUSPICIOUS_MOVE = YES;
				CLANG_WARN_UNGUARDED_AVAILABILITY = YES_AGGRESSIVE;
				CLANG_WARN_UNREACHABLE_CODE = YES;
				CLANG_WARN__DUPLICATE_METHOD_MATCH = YES;
				CODE_SIGN_IDENTITY = "";
				CODE_SIGN_STYLE = Automatic;
				COPY_PHASE_STRIP = NO;
				CURRENT_PROJECT_VERSION = 1;
				DEFINES_MODULE = YES;
				DYLIB_COMPATIBILITY_VERSION = 1;
				DYLIB_CURRENT_VERSION = 1;
				DYLIB_INSTALL_NAME_BASE = "@rpath";
				ENABLE_NS_ASSERTIONS = NO;
				ENABLE_STRICT_OBJC_MSGSEND = YES;
				GCC_C_LANGUAGE_STANDARD = gnu11;
				GCC_NO_COMMON_BLOCKS = YES;
				GCC_WARN_64_TO_32_BIT_CONVERSION = YES;
				GCC_WARN_ABOUT_RETURN_TYPE = YES_ERROR;
				GCC_WARN_UNDECLARED_SELECTOR = YES;
				GCC_WARN_UNINITIALIZED_AUTOS = YES_AGGRESSIVE;
				GCC_WARN_UNUSED_FUNCTION = YES;
				GCC_WARN_UNUSED_VARIABLE = YES;
				INFOPLIST_FILE = "$(SRCROOT)/Sources/Info.plist";
				INSTALL_PATH = "$(LOCAL_LIBRARY_DIR)/Frameworks";
				LD_RUNPATH_SEARCH_PATHS = "$(inherited) @executable_path/Frameworks @loader_path/Frameworks";
				MTL_ENABLE_DEBUG_INFO = NO;
				MTL_FAST_MATH = YES;
				PRODUCT_BUNDLE_IDENTIFIER = com.nextgeneration.S2GeometrySwift;
				PRODUCT_NAME = S2GeometrySwift;
				SDKROOT = appletvos;
				SKIP_INSTALL = YES;
				SUPPORTED_PLATFORMS = "appletvsimulator appletvos";
				SWIFT_VERSION = 4.2;
				TARGETED_DEVICE_FAMILY = 3;
				TVOS_DEPLOYMENT_TARGET = 9.0;
				VALIDATE_PRODUCT = YES;
				VERSIONING_SYSTEM = "apple-generic";
				VERSION_INFO_PREFIX = "";
			};
			name = Release;
		};
		D4D99FCC21E84CF9007033DC /* Debug */ = {
			isa = XCBuildConfiguration;
			buildSettings = {
				ALWAYS_EMBED_SWIFT_STANDARD_LIBRARIES = YES;
				ALWAYS_SEARCH_USER_PATHS = NO;
				CLANG_ANALYZER_NONNULL = YES;
				CLANG_ANALYZER_NUMBER_OBJECT_CONVERSION = YES_AGGRESSIVE;
				CLANG_CXX_LANGUAGE_STANDARD = "gnu++14";
				CLANG_CXX_LIBRARY = "libc++";
				CLANG_ENABLE_MODULES = YES;
				CLANG_ENABLE_OBJC_WEAK = YES;
				CLANG_WARN_BLOCK_CAPTURE_AUTORELEASING = YES;
				CLANG_WARN_BOOL_CONVERSION = YES;
				CLANG_WARN_COMMA = YES;
				CLANG_WARN_CONSTANT_CONVERSION = YES;
				CLANG_WARN_DEPRECATED_OBJC_IMPLEMENTATIONS = YES;
				CLANG_WARN_DIRECT_OBJC_ISA_USAGE = YES_ERROR;
				CLANG_WARN_DOCUMENTATION_COMMENTS = YES;
				CLANG_WARN_EMPTY_BODY = YES;
				CLANG_WARN_ENUM_CONVERSION = YES;
				CLANG_WARN_INFINITE_RECURSION = YES;
				CLANG_WARN_INT_CONVERSION = YES;
				CLANG_WARN_NON_LITERAL_NULL_CONVERSION = YES;
				CLANG_WARN_OBJC_IMPLICIT_RETAIN_SELF = YES;
				CLANG_WARN_OBJC_LITERAL_CONVERSION = YES;
				CLANG_WARN_OBJC_ROOT_CLASS = YES_ERROR;
				CLANG_WARN_RANGE_LOOP_ANALYSIS = YES;
				CLANG_WARN_STRICT_PROTOTYPES = YES;
				CLANG_WARN_SUSPICIOUS_MOVE = YES;
				CLANG_WARN_UNGUARDED_AVAILABILITY = YES_AGGRESSIVE;
				CLANG_WARN_UNREACHABLE_CODE = YES;
				CLANG_WARN__DUPLICATE_METHOD_MATCH = YES;
				CODE_SIGN_STYLE = Automatic;
				ENABLE_STRICT_OBJC_MSGSEND = YES;
				ENABLE_TESTABILITY = YES;
				GCC_C_LANGUAGE_STANDARD = gnu11;
				GCC_DYNAMIC_NO_PIC = NO;
				GCC_NO_COMMON_BLOCKS = YES;
				GCC_WARN_64_TO_32_BIT_CONVERSION = YES;
				GCC_WARN_ABOUT_RETURN_TYPE = YES_ERROR;
				GCC_WARN_UNDECLARED_SELECTOR = YES;
				GCC_WARN_UNINITIALIZED_AUTOS = YES_AGGRESSIVE;
				GCC_WARN_UNUSED_FUNCTION = YES;
				GCC_WARN_UNUSED_VARIABLE = YES;
				INFOPLIST_FILE = Sources/Info.plist;
				LD_RUNPATH_SEARCH_PATHS = "$(inherited) @executable_path/Frameworks @loader_path/Frameworks";
				MTL_ENABLE_DEBUG_INFO = INCLUDE_SOURCE;
				MTL_FAST_MATH = YES;
				PRODUCT_BUNDLE_IDENTIFIER = com.nextgeneration.S2GeometrySwiftTests;
				PRODUCT_NAME = "$(TARGET_NAME)";
				SDKROOT = appletvos;
				SUPPORTED_PLATFORMS = "appletvsimulator appletvos";
				SWIFT_ACTIVE_COMPILATION_CONDITIONS = DEBUG;
				SWIFT_VERSION = 4.2;
				TARGETED_DEVICE_FAMILY = 3;
				TVOS_DEPLOYMENT_TARGET = 12.1;
			};
			name = Debug;
		};
		D4D99FCD21E84CF9007033DC /* Release */ = {
			isa = XCBuildConfiguration;
			buildSettings = {
				ALWAYS_EMBED_SWIFT_STANDARD_LIBRARIES = YES;
				ALWAYS_SEARCH_USER_PATHS = NO;
				CLANG_ANALYZER_NONNULL = YES;
				CLANG_ANALYZER_NUMBER_OBJECT_CONVERSION = YES_AGGRESSIVE;
				CLANG_CXX_LANGUAGE_STANDARD = "gnu++14";
				CLANG_CXX_LIBRARY = "libc++";
				CLANG_ENABLE_MODULES = YES;
				CLANG_ENABLE_OBJC_WEAK = YES;
				CLANG_WARN_BLOCK_CAPTURE_AUTORELEASING = YES;
				CLANG_WARN_BOOL_CONVERSION = YES;
				CLANG_WARN_COMMA = YES;
				CLANG_WARN_CONSTANT_CONVERSION = YES;
				CLANG_WARN_DEPRECATED_OBJC_IMPLEMENTATIONS = YES;
				CLANG_WARN_DIRECT_OBJC_ISA_USAGE = YES_ERROR;
				CLANG_WARN_DOCUMENTATION_COMMENTS = YES;
				CLANG_WARN_EMPTY_BODY = YES;
				CLANG_WARN_ENUM_CONVERSION = YES;
				CLANG_WARN_INFINITE_RECURSION = YES;
				CLANG_WARN_INT_CONVERSION = YES;
				CLANG_WARN_NON_LITERAL_NULL_CONVERSION = YES;
				CLANG_WARN_OBJC_IMPLICIT_RETAIN_SELF = YES;
				CLANG_WARN_OBJC_LITERAL_CONVERSION = YES;
				CLANG_WARN_OBJC_ROOT_CLASS = YES_ERROR;
				CLANG_WARN_RANGE_LOOP_ANALYSIS = YES;
				CLANG_WARN_STRICT_PROTOTYPES = YES;
				CLANG_WARN_SUSPICIOUS_MOVE = YES;
				CLANG_WARN_UNGUARDED_AVAILABILITY = YES_AGGRESSIVE;
				CLANG_WARN_UNREACHABLE_CODE = YES;
				CLANG_WARN__DUPLICATE_METHOD_MATCH = YES;
				CODE_SIGN_STYLE = Automatic;
				COPY_PHASE_STRIP = NO;
				ENABLE_NS_ASSERTIONS = NO;
				ENABLE_STRICT_OBJC_MSGSEND = YES;
				GCC_C_LANGUAGE_STANDARD = gnu11;
				GCC_NO_COMMON_BLOCKS = YES;
				GCC_WARN_64_TO_32_BIT_CONVERSION = YES;
				GCC_WARN_ABOUT_RETURN_TYPE = YES_ERROR;
				GCC_WARN_UNDECLARED_SELECTOR = YES;
				GCC_WARN_UNINITIALIZED_AUTOS = YES_AGGRESSIVE;
				GCC_WARN_UNUSED_FUNCTION = YES;
				GCC_WARN_UNUSED_VARIABLE = YES;
				INFOPLIST_FILE = Sources/Info.plist;
				LD_RUNPATH_SEARCH_PATHS = "$(inherited) @executable_path/Frameworks @loader_path/Frameworks";
				MTL_ENABLE_DEBUG_INFO = NO;
				MTL_FAST_MATH = YES;
				PRODUCT_BUNDLE_IDENTIFIER = com.nextgeneration.S2GeometrySwiftTests;
				PRODUCT_NAME = "$(TARGET_NAME)";
				SDKROOT = appletvos;
				SUPPORTED_PLATFORMS = "appletvsimulator appletvos";
				SWIFT_VERSION = 4.2;
				TARGETED_DEVICE_FAMILY = 3;
				TVOS_DEPLOYMENT_TARGET = 12.1;
				VALIDATE_PRODUCT = YES;
			};
			name = Release;
		};
		D4D99FD921E84D8D007033DC /* Debug */ = {
			isa = XCBuildConfiguration;
			buildSettings = {
				ALWAYS_SEARCH_USER_PATHS = NO;
				APPLICATION_EXTENSION_API_ONLY = YES;
				CLANG_ANALYZER_NONNULL = YES;
				CLANG_ANALYZER_NUMBER_OBJECT_CONVERSION = YES_AGGRESSIVE;
				CLANG_CXX_LANGUAGE_STANDARD = "gnu++14";
				CLANG_CXX_LIBRARY = "libc++";
				CLANG_ENABLE_MODULES = YES;
				CLANG_ENABLE_OBJC_WEAK = YES;
				CLANG_WARN_BLOCK_CAPTURE_AUTORELEASING = YES;
				CLANG_WARN_BOOL_CONVERSION = YES;
				CLANG_WARN_COMMA = YES;
				CLANG_WARN_CONSTANT_CONVERSION = YES;
				CLANG_WARN_DEPRECATED_OBJC_IMPLEMENTATIONS = YES;
				CLANG_WARN_DIRECT_OBJC_ISA_USAGE = YES_ERROR;
				CLANG_WARN_DOCUMENTATION_COMMENTS = YES;
				CLANG_WARN_EMPTY_BODY = YES;
				CLANG_WARN_ENUM_CONVERSION = YES;
				CLANG_WARN_INFINITE_RECURSION = YES;
				CLANG_WARN_INT_CONVERSION = YES;
				CLANG_WARN_NON_LITERAL_NULL_CONVERSION = YES;
				CLANG_WARN_OBJC_IMPLICIT_RETAIN_SELF = YES;
				CLANG_WARN_OBJC_LITERAL_CONVERSION = YES;
				CLANG_WARN_OBJC_ROOT_CLASS = YES_ERROR;
				CLANG_WARN_RANGE_LOOP_ANALYSIS = YES;
				CLANG_WARN_STRICT_PROTOTYPES = YES;
				CLANG_WARN_SUSPICIOUS_MOVE = YES;
				CLANG_WARN_UNGUARDED_AVAILABILITY = YES_AGGRESSIVE;
				CLANG_WARN_UNREACHABLE_CODE = YES;
				CLANG_WARN__DUPLICATE_METHOD_MATCH = YES;
				CODE_SIGN_IDENTITY = "";
				CODE_SIGN_STYLE = Automatic;
				CURRENT_PROJECT_VERSION = 1;
				DEFINES_MODULE = YES;
				DYLIB_COMPATIBILITY_VERSION = 1;
				DYLIB_CURRENT_VERSION = 1;
				DYLIB_INSTALL_NAME_BASE = "@rpath";
				ENABLE_STRICT_OBJC_MSGSEND = YES;
				ENABLE_TESTABILITY = YES;
				GCC_C_LANGUAGE_STANDARD = gnu11;
				GCC_DYNAMIC_NO_PIC = NO;
				GCC_NO_COMMON_BLOCKS = YES;
				GCC_WARN_64_TO_32_BIT_CONVERSION = YES;
				GCC_WARN_ABOUT_RETURN_TYPE = YES_ERROR;
				GCC_WARN_UNDECLARED_SELECTOR = YES;
				GCC_WARN_UNINITIALIZED_AUTOS = YES_AGGRESSIVE;
				GCC_WARN_UNUSED_FUNCTION = YES;
				GCC_WARN_UNUSED_VARIABLE = YES;
				INFOPLIST_FILE = "$(SRCROOT)/Sources/Info.plist";
				INSTALL_PATH = "$(LOCAL_LIBRARY_DIR)/Frameworks";
				LD_RUNPATH_SEARCH_PATHS = "$(inherited) @executable_path/Frameworks @loader_path/Frameworks";
				MTL_ENABLE_DEBUG_INFO = INCLUDE_SOURCE;
				MTL_FAST_MATH = YES;
				PRODUCT_BUNDLE_IDENTIFIER = com.nextgeneration.S2GeometrySwift;
				PRODUCT_NAME = S2GeometrySwift;
				SDKROOT = watchos;
				SKIP_INSTALL = YES;
				SUPPORTED_PLATFORMS = "watchsimulator watchos";
				SWIFT_ACTIVE_COMPILATION_CONDITIONS = DEBUG;
				SWIFT_VERSION = 4.2;
				TARGETED_DEVICE_FAMILY = 4;
				VERSIONING_SYSTEM = "apple-generic";
				VERSION_INFO_PREFIX = "";
				WATCHOS_DEPLOYMENT_TARGET = 2.0;
			};
			name = Debug;
		};
		D4D99FDA21E84D8D007033DC /* Release */ = {
			isa = XCBuildConfiguration;
			buildSettings = {
				ALWAYS_SEARCH_USER_PATHS = NO;
				APPLICATION_EXTENSION_API_ONLY = YES;
				CLANG_ANALYZER_NONNULL = YES;
				CLANG_ANALYZER_NUMBER_OBJECT_CONVERSION = YES_AGGRESSIVE;
				CLANG_CXX_LANGUAGE_STANDARD = "gnu++14";
				CLANG_CXX_LIBRARY = "libc++";
				CLANG_ENABLE_MODULES = YES;
				CLANG_ENABLE_OBJC_WEAK = YES;
				CLANG_WARN_BLOCK_CAPTURE_AUTORELEASING = YES;
				CLANG_WARN_BOOL_CONVERSION = YES;
				CLANG_WARN_COMMA = YES;
				CLANG_WARN_CONSTANT_CONVERSION = YES;
				CLANG_WARN_DEPRECATED_OBJC_IMPLEMENTATIONS = YES;
				CLANG_WARN_DIRECT_OBJC_ISA_USAGE = YES_ERROR;
				CLANG_WARN_DOCUMENTATION_COMMENTS = YES;
				CLANG_WARN_EMPTY_BODY = YES;
				CLANG_WARN_ENUM_CONVERSION = YES;
				CLANG_WARN_INFINITE_RECURSION = YES;
				CLANG_WARN_INT_CONVERSION = YES;
				CLANG_WARN_NON_LITERAL_NULL_CONVERSION = YES;
				CLANG_WARN_OBJC_IMPLICIT_RETAIN_SELF = YES;
				CLANG_WARN_OBJC_LITERAL_CONVERSION = YES;
				CLANG_WARN_OBJC_ROOT_CLASS = YES_ERROR;
				CLANG_WARN_RANGE_LOOP_ANALYSIS = YES;
				CLANG_WARN_STRICT_PROTOTYPES = YES;
				CLANG_WARN_SUSPICIOUS_MOVE = YES;
				CLANG_WARN_UNGUARDED_AVAILABILITY = YES_AGGRESSIVE;
				CLANG_WARN_UNREACHABLE_CODE = YES;
				CLANG_WARN__DUPLICATE_METHOD_MATCH = YES;
				CODE_SIGN_IDENTITY = "";
				CODE_SIGN_STYLE = Automatic;
				COPY_PHASE_STRIP = NO;
				CURRENT_PROJECT_VERSION = 1;
				DEFINES_MODULE = YES;
				DYLIB_COMPATIBILITY_VERSION = 1;
				DYLIB_CURRENT_VERSION = 1;
				DYLIB_INSTALL_NAME_BASE = "@rpath";
				ENABLE_NS_ASSERTIONS = NO;
				ENABLE_STRICT_OBJC_MSGSEND = YES;
				GCC_C_LANGUAGE_STANDARD = gnu11;
				GCC_NO_COMMON_BLOCKS = YES;
				GCC_WARN_64_TO_32_BIT_CONVERSION = YES;
				GCC_WARN_ABOUT_RETURN_TYPE = YES_ERROR;
				GCC_WARN_UNDECLARED_SELECTOR = YES;
				GCC_WARN_UNINITIALIZED_AUTOS = YES_AGGRESSIVE;
				GCC_WARN_UNUSED_FUNCTION = YES;
				GCC_WARN_UNUSED_VARIABLE = YES;
				INFOPLIST_FILE = "$(SRCROOT)/Sources/Info.plist";
				INSTALL_PATH = "$(LOCAL_LIBRARY_DIR)/Frameworks";
				LD_RUNPATH_SEARCH_PATHS = "$(inherited) @executable_path/Frameworks @loader_path/Frameworks";
				MTL_ENABLE_DEBUG_INFO = NO;
				MTL_FAST_MATH = YES;
				PRODUCT_BUNDLE_IDENTIFIER = com.nextgeneration.S2GeometrySwift;
				PRODUCT_NAME = S2GeometrySwift;
				SDKROOT = watchos;
				SKIP_INSTALL = YES;
				SUPPORTED_PLATFORMS = "watchsimulator watchos";
				SWIFT_VERSION = 4.2;
				TARGETED_DEVICE_FAMILY = 4;
				VALIDATE_PRODUCT = YES;
				VERSIONING_SYSTEM = "apple-generic";
				VERSION_INFO_PREFIX = "";
				WATCHOS_DEPLOYMENT_TARGET = 2.0;
			};
			name = Release;
		};
		OBJ_3 /* Debug */ = {
			isa = XCBuildConfiguration;
			buildSettings = {
				CLANG_ENABLE_OBJC_ARC = YES;
				COMBINE_HIDPI_IMAGES = YES;
				COPY_PHASE_STRIP = NO;
				DEBUG_INFORMATION_FORMAT = dwarf;
				DEFINES_MODULE = YES;
				DYLIB_INSTALL_NAME_BASE = "@rpath";
				ENABLE_NS_ASSERTIONS = YES;
				GCC_OPTIMIZATION_LEVEL = 0;
				GCC_PREPROCESSOR_DEFINITIONS = (
					"DEBUG=1",
					"$(inherited)",
				);
				IPHONEOS_DEPLOYMENT_TARGET = 8.0;
				MACOSX_DEPLOYMENT_TARGET = 10.9;
				ONLY_ACTIVE_ARCH = YES;
				OTHER_SWIFT_FLAGS = "-DXcode";
				PRODUCT_NAME = "$(TARGET_NAME)";
				SDKROOT = macosx;
				SUPPORTED_PLATFORMS = "macosx iphoneos iphonesimulator appletvos appletvsimulator watchos watchsimulator";
				SWIFT_ACTIVE_COMPILATION_CONDITIONS = "SWIFT_PACKAGE DEBUG";
				SWIFT_OPTIMIZATION_LEVEL = "-Onone";
				USE_HEADERMAP = NO;
			};
			name = Debug;
		};
		OBJ_4 /* Release */ = {
			isa = XCBuildConfiguration;
			buildSettings = {
				CLANG_ENABLE_OBJC_ARC = YES;
				COMBINE_HIDPI_IMAGES = YES;
				COPY_PHASE_STRIP = YES;
				DEBUG_INFORMATION_FORMAT = "dwarf-with-dsym";
				DEFINES_MODULE = YES;
				DYLIB_INSTALL_NAME_BASE = "@rpath";
				GCC_OPTIMIZATION_LEVEL = s;
				IPHONEOS_DEPLOYMENT_TARGET = 8.0;
				MACOSX_DEPLOYMENT_TARGET = 10.9;
				OTHER_SWIFT_FLAGS = "-DXcode";
				PRODUCT_NAME = "$(TARGET_NAME)";
				SDKROOT = macosx;
				SUPPORTED_PLATFORMS = "macosx iphoneos iphonesimulator appletvos appletvsimulator watchos watchsimulator";
				SWIFT_ACTIVE_COMPILATION_CONDITIONS = SWIFT_PACKAGE;
				SWIFT_OPTIMIZATION_LEVEL = "-Owholemodule";
				USE_HEADERMAP = NO;
			};
			name = Release;
		};
/* End XCBuildConfiguration section */

/* Begin XCConfigurationList section */
		D4D99F7421E84107007033DC /* Build configuration list for PBXNativeTarget "S2GeometrySwift iOS" */ = {
			isa = XCConfigurationList;
			buildConfigurations = (
				D4D99F7521E84107007033DC /* Debug */,
				D4D99F7621E84107007033DC /* Release */,
			);
			defaultConfigurationIsVisible = 0;
			defaultConfigurationName = Release;
		};
		D4D99F7721E84107007033DC /* Build configuration list for PBXNativeTarget "S2GeometrySwift iOS Tests" */ = {
			isa = XCConfigurationList;
			buildConfigurations = (
				D4D99F7821E84107007033DC /* Debug */,
				D4D99F7921E84107007033DC /* Release */,
			);
			defaultConfigurationIsVisible = 0;
			defaultConfigurationName = Release;
		};
		D4D99FAC21E84CD3007033DC /* Build configuration list for PBXNativeTarget "S2GeometrySwift macOS" */ = {
			isa = XCConfigurationList;
			buildConfigurations = (
				D4D99FAD21E84CD3007033DC /* Debug */,
				D4D99FAE21E84CD3007033DC /* Release */,
			);
			defaultConfigurationIsVisible = 0;
			defaultConfigurationName = Release;
		};
		D4D99FAF21E84CD3007033DC /* Build configuration list for PBXNativeTarget "S2GeometrySwift macOS Tests" */ = {
			isa = XCConfigurationList;
			buildConfigurations = (
				D4D99FB021E84CD3007033DC /* Debug */,
				D4D99FB121E84CD3007033DC /* Release */,
			);
			defaultConfigurationIsVisible = 0;
			defaultConfigurationName = Release;
		};
		D4D99FC821E84CF9007033DC /* Build configuration list for PBXNativeTarget "S2GeometrySwift tvOS" */ = {
			isa = XCConfigurationList;
			buildConfigurations = (
				D4D99FC921E84CF9007033DC /* Debug */,
				D4D99FCA21E84CF9007033DC /* Release */,
			);
			defaultConfigurationIsVisible = 0;
			defaultConfigurationName = Release;
		};
		D4D99FCB21E84CF9007033DC /* Build configuration list for PBXNativeTarget "S2GeometrySwift tvOS Tests" */ = {
			isa = XCConfigurationList;
			buildConfigurations = (
				D4D99FCC21E84CF9007033DC /* Debug */,
				D4D99FCD21E84CF9007033DC /* Release */,
			);
			defaultConfigurationIsVisible = 0;
			defaultConfigurationName = Release;
		};
		D4D99FD821E84D8D007033DC /* Build configuration list for PBXNativeTarget "S2GeometrySwift watchOS" */ = {
			isa = XCConfigurationList;
			buildConfigurations = (
				D4D99FD921E84D8D007033DC /* Debug */,
				D4D99FDA21E84D8D007033DC /* Release */,
			);
			defaultConfigurationIsVisible = 0;
			defaultConfigurationName = Release;
		};
		OBJ_2 /* Build configuration list for PBXProject "S2GeometrySwift" */ = {
			isa = XCConfigurationList;
			buildConfigurations = (
				OBJ_3 /* Debug */,
				OBJ_4 /* Release */,
			);
			defaultConfigurationIsVisible = 0;
			defaultConfigurationName = Release;
		};
/* End XCConfigurationList section */
	};
	rootObject = OBJ_1 /* Project object */;
}
